
Microsoft Visual Studio Solution File, Format Version 12.00
# Visual Studio Version 17
VisualStudioVersion = 17.6.33815.320
MinimumVisualStudioVersion = 10.0.40219.1
Project("{9A19103F-16F7-4668-BE54-9A1E7A4F7556}") = "01.HelloSoftUni", "SoftUniC#\01.HelloSoftUni.csproj", "{83428113-E2D6-4A9A-8B43-25216BC709D4}"
EndProject
Project("{9A19103F-16F7-4668-BE54-9A1E7A4F7556}") = "02.Nums1To10", "Nums1To10\02.Nums1To10.csproj", "{1062F892-E563-4095-86A1-C8294104DA8A}"
EndProject
Project("{2150E333-8FDC-42A3-9474-1A3956D46DE8}") = "01.FirstStepsLab", "01.FirstStepsLab", "{A5420154-D02E-48A0-AF6D-0F2D666E41BD}"
EndProject
Project("{9A19103F-16F7-4668-BE54-9A1E7A4F7556}") = "03.RectangleArea", "3.RectangleArea\03.RectangleArea.csproj", "{A70E52B2-4381-4821-97D8-656314141750}"
EndProject
Project("{9A19103F-16F7-4668-BE54-9A1E7A4F7556}") = "04.InchesToCentimeters", "4.InchesToCentimeters\04.InchesToCentimeters.csproj", "{A8C52687-2839-4371-BC0F-A2A86B471349}"
EndProject
Project("{9A19103F-16F7-4668-BE54-9A1E7A4F7556}") = "05.GreatingByName", "5.GreatingByName\05.GreatingByName.csproj", "{653C02C6-6F40-4E0C-B277-F0B79155D0C9}"
EndProject
Project("{9A19103F-16F7-4668-BE54-9A1E7A4F7556}") = "06.ConcatenateData", "06.ConcatenateDate\06.ConcatenateData.csproj", "{8CFC7801-69D5-4FB0-9FE9-9C81DBC3F206}"
EndProject
Project("{9A19103F-16F7-4668-BE54-9A1E7A4F7556}") = "07.ProjectsCreations", "07.ProjectsCreations\07.ProjectsCreations.csproj", "{DE065ECC-74AD-474D-9D35-AB7FF589F9FB}"
EndProject
Project("{9A19103F-16F7-4668-BE54-9A1E7A4F7556}") = "08.PetShop", "08.PetShop\08.PetShop.csproj", "{3C780C05-F419-4866-AF93-DCB336E57753}"
EndProject
Project("{9A19103F-16F7-4668-BE54-9A1E7A4F7556}") = "09.YardGreening", "09.YardGreening\09.YardGreening.csproj", "{D818EB45-62A5-4DFD-9746-563EB8134D9C}"
EndProject
Project("{2150E333-8FDC-42A3-9474-1A3956D46DE8}") = "02.FirstStepsExercise", "02.FirstStepsExercise", "{FE7C9DA0-2CB4-499D-A0AB-38C527D56FA9}"
EndProject
Project("{9A19103F-16F7-4668-BE54-9A1E7A4F7556}") = "01.USDtoBGN", "01.USDtoBGN\01.USDtoBGN.csproj", "{9E040FA2-A525-42BF-A585-5C2E5F7BCA2F}"
EndProject
Project("{9A19103F-16F7-4668-BE54-9A1E7A4F7556}") = "02.RadiansToDegrees", "02.RadiansToDegrees\02.RadiansToDegrees.csproj", "{AD54E76E-1490-4928-B79A-70B094C4BBF1}"
EndProject
Project("{9A19103F-16F7-4668-BE54-9A1E7A4F7556}") = "03.DepositCalculator", "03.DepositCalculator\03.DepositCalculator.csproj", "{2BCC6498-8363-441A-ADE4-41F3BA4C53E7}"
EndProject
Project("{9A19103F-16F7-4668-BE54-9A1E7A4F7556}") = "04.VacationBooksList", "04.VacationBooksList\04.VacationBooksList.csproj", "{00F91B1D-7542-438F-87C6-2DCD432518CB}"
EndProject
Project("{9A19103F-16F7-4668-BE54-9A1E7A4F7556}") = "05.SuppliesForSchool", "05.SuppliesForSchool\05.SuppliesForSchool.csproj", "{A0B46EBA-B5AF-40FC-B1A3-89458269BCDE}"
EndProject
Project("{9A19103F-16F7-4668-BE54-9A1E7A4F7556}") = "06.Repainting", "06.Repainting\06.Repainting.csproj", "{BF53CD72-3339-47B4-BB76-1BAA09D1BD4D}"
EndProject
Project("{9A19103F-16F7-4668-BE54-9A1E7A4F7556}") = "07.FoodDelivery", "07.FoodDelivery\07.FoodDelivery.csproj", "{6EA25E65-3D1D-47CC-AF2E-06B1D0C6552C}"
EndProject
Project("{9A19103F-16F7-4668-BE54-9A1E7A4F7556}") = "08.BasketBallEquipment", "BasketBallEquipment\08.BasketBallEquipment.csproj", "{35114576-D6EB-4E0A-8720-912F4F174024}"
EndProject
Project("{9A19103F-16F7-4668-BE54-9A1E7A4F7556}") = "09.FishTank", "09.FishTank\09.FishTank.csproj", "{A4D18954-8469-407C-AA41-4C8F73AEFE77}"
EndProject
Project("{2150E333-8FDC-42A3-9474-1A3956D46DE8}") = "03.ConditionalStatementsLab", "03.ConditionalStatementsLab", "{B954B7A0-E280-4997-84E4-71FA7172E4D8}"
EndProject
Project("{9A19103F-16F7-4668-BE54-9A1E7A4F7556}") = "01.ExcellentResult", "01.ExcellentResult\01.ExcellentResult.csproj", "{116D2799-A174-4C10-9F3A-7A0E32DCF35D}"
EndProject
Project("{9A19103F-16F7-4668-BE54-9A1E7A4F7556}") = "02.GreaterNumber", "02.GreaterNumber\02.GreaterNumber.csproj", "{3B373B6A-646E-4B2D-A62F-6B51BB5E2273}"
EndProject
Project("{9A19103F-16F7-4668-BE54-9A1E7A4F7556}") = "03.EvenOrOdd", "03.EvenOrOdd\03.EvenOrOdd.csproj", "{3AA1B577-8670-4CA6-A707-6E16C1EA416A}"
EndProject
Project("{9A19103F-16F7-4668-BE54-9A1E7A4F7556}") = "04.Password Guess", "04.Password Guess\04.Password Guess.csproj", "{CCC20E92-BFBF-427A-B311-1739247820AF}"
EndProject
Project("{9A19103F-16F7-4668-BE54-9A1E7A4F7556}") = "05.Number100to200", "05.Number100to200\05.Number100to200.csproj", "{73E02076-A846-4C0B-8542-A98635117B32}"
EndProject
Project("{9A19103F-16F7-4668-BE54-9A1E7A4F7556}") = "06.SpeedInfo", "06.SpeedInfo\06.SpeedInfo.csproj", "{3467D77A-C8EE-4236-B475-7A7DE97C697B}"
EndProject
Project("{9A19103F-16F7-4668-BE54-9A1E7A4F7556}") = "07.AreasOfFigures", "07.AreasOfFigures\07.AreasOfFigures.csproj", "{857085E9-E6EB-4556-B914-848BBD6E6078}"
EndProject
Project("{2150E333-8FDC-42A3-9474-1A3956D46DE8}") = "04.ConditionalStatementsExercise", "04.ConditionalStatementsExercise", "{84BE41AA-FB3D-4013-892D-BE941560167A}"
EndProject
Project("{9A19103F-16F7-4668-BE54-9A1E7A4F7556}") = "01.SumSeconds", "SumSeconds\01.SumSeconds.csproj", "{260A88DE-83EE-4F73-A11C-BDB094F6B5C2}"
EndProject
Project("{9A19103F-16F7-4668-BE54-9A1E7A4F7556}") = "02.BonusScore", "02.BonusScore\02.BonusScore.csproj", "{D3CCF999-FE4B-4662-A2E9-5E071B7EE864}"
EndProject
Project("{9A19103F-16F7-4668-BE54-9A1E7A4F7556}") = "03.TimePlus15Minutes", "03.TimePlus15Minutes\03.TimePlus15Minutes.csproj", "{6C1E5AC4-16E6-4FC4-88E4-EB9386E59CA5}"
EndProject
Project("{9A19103F-16F7-4668-BE54-9A1E7A4F7556}") = "04.ToyShop", "ToyShop\04.ToyShop.csproj", "{ED99ECD9-21D1-4F6F-A1E6-A8F285F506D6}"
EndProject
Project("{9A19103F-16F7-4668-BE54-9A1E7A4F7556}") = "05.GodzillaVsKong", "05.GodzillaVsKong\05.GodzillaVsKong.csproj", "{9C30CA49-D588-4C16-9FD6-C8EDF5D34903}"
EndProject
Project("{9A19103F-16F7-4668-BE54-9A1E7A4F7556}") = "06.WordSwimmingRecord", "06.WordSwimmingRecord\06.WordSwimmingRecord.csproj", "{D09D3206-3800-4E2B-A564-1D4B57B9AD16}"
EndProject
Project("{9A19103F-16F7-4668-BE54-9A1E7A4F7556}") = "07.Shopping", "07.Shopping\07.Shopping.csproj", "{25BD5196-CD70-43AF-81A7-B2C69205B9C2}"
EndProject
Project("{9A19103F-16F7-4668-BE54-9A1E7A4F7556}") = "08.LunchBreak", "08.LunchBreak\08.LunchBreak.csproj", "{82F43862-594F-4742-9230-CE9546F5EC9E}"
EndProject
Project("{2150E333-8FDC-42A3-9474-1A3956D46DE8}") = "05.ConditionalStatementsAdvancedLab", "05.ConditionalStatementsAdvancedLab", "{D5BF3D42-3AF5-4057-BAB2-F2D7FCB16C3D}"
EndProject
Project("{9A19103F-16F7-4668-BE54-9A1E7A4F7556}") = "01.DayOfWeek", "01.DayOfWeek\01.DayOfWeek.csproj", "{252DB8C5-7B0F-4E42-9251-44F22444E7B1}"
EndProject
Project("{9A19103F-16F7-4668-BE54-9A1E7A4F7556}") = "02.WeekendOrWorkingDay", "02.WeekendOrWorkingDay\02.WeekendOrWorkingDay.csproj", "{F65F2671-3501-4280-8C2A-586430A9E52B}"
EndProject
Project("{9A19103F-16F7-4668-BE54-9A1E7A4F7556}") = "03.AnimalType", "03.AnimalType\03.AnimalType.csproj", "{8F26E161-D42C-4967-92F2-1ACF695931FC}"
EndProject
Project("{9A19103F-16F7-4668-BE54-9A1E7A4F7556}") = "04.PersonalTitles", "04.PersonalTitles\04.PersonalTitles.csproj", "{6942FECD-0278-4592-8361-A4D9F0E6CE83}"
EndProject
Project("{9A19103F-16F7-4668-BE54-9A1E7A4F7556}") = "05.SmallShop", "05.SmallShop\05.SmallShop.csproj", "{38C197EF-703E-4821-9CD5-2B87E944D3CB}"
EndProject
Project("{9A19103F-16F7-4668-BE54-9A1E7A4F7556}") = "06.NumbersInRange", "06.NumbersInRange\06.NumbersInRange.csproj", "{0C94C3A6-FB31-4E1A-8247-49DF4EEEF7E5}"
EndProject
Project("{9A19103F-16F7-4668-BE54-9A1E7A4F7556}") = "07.WorkingHours", "07.WorkingHours\07.WorkingHours.csproj", "{C27C0546-309F-4BB9-BF97-D92D25AEF737}"
EndProject
Project("{9A19103F-16F7-4668-BE54-9A1E7A4F7556}") = "08.CinemaTicket", "08.CinemaTicket\08.CinemaTicket.csproj", "{E4B003CA-21B7-4971-BD71-C2590F1C10BE}"
EndProject
Project("{9A19103F-16F7-4668-BE54-9A1E7A4F7556}") = "09.FruitOrVegetable", "09.FruitOrVegetable\09.FruitOrVegetable.csproj", "{636ACC89-2BBC-47BC-BC5E-C0493AF4437F}"
EndProject
Project("{9A19103F-16F7-4668-BE54-9A1E7A4F7556}") = "10.InvalidNumber", "10.InvalidNumber\10.InvalidNumber.csproj", "{3C98538E-4D91-4DA7-9CB8-DABEDA727417}"
EndProject
Project("{9A19103F-16F7-4668-BE54-9A1E7A4F7556}") = "11.FruitShop", "11.FruitShop\11.FruitShop.csproj", "{FFFE460C-86A5-4F31-8EF5-D7ADC1582FAB}"
EndProject
Project("{9A19103F-16F7-4668-BE54-9A1E7A4F7556}") = "12.TradeCommissions", "12.TradeCommissions\12.TradeCommissions.csproj", "{561A40DA-B07D-4F7E-966B-0C9478F48B56}"
EndProject
Project("{2150E333-8FDC-42A3-9474-1A3956D46DE8}") = "06.ConditionalStatementsAdvancedExercise", "06.ConditionalStatementsAdvancedExercise", "{1387A667-F872-445E-ADAB-E52CBCD860D6}"
EndProject
Project("{9A19103F-16F7-4668-BE54-9A1E7A4F7556}") = "01.Cinema", "01.Cinema\01.Cinema.csproj", "{600B1D9B-E1C4-4677-A439-49AF72D71324}"
EndProject
Project("{9A19103F-16F7-4668-BE54-9A1E7A4F7556}") = "02.SummerOutfit", "02.SummerOutfit\02.SummerOutfit.csproj", "{3F6F88EE-9734-4A5F-B3A0-36827D5351AD}"
EndProject
Project("{9A19103F-16F7-4668-BE54-9A1E7A4F7556}") = "03.NewHouse", "03.NewHouse\03.NewHouse.csproj", "{F376EF65-B303-47D8-8823-B6E7C52B4293}"
EndProject
Project("{9A19103F-16F7-4668-BE54-9A1E7A4F7556}") = "04.FishingBoat", "04.FishingBoat\04.FishingBoat.csproj", "{267C409B-3F86-4A5C-A826-ACCEAD07C101}"
EndProject
Project("{9A19103F-16F7-4668-BE54-9A1E7A4F7556}") = "05.Journey", "05.Journey\05.Journey.csproj", "{DC089492-5344-4F6D-9152-4AA2017F4F2B}"
EndProject
Project("{9A19103F-16F7-4668-BE54-9A1E7A4F7556}") = "06.OperationsBetweenNumbers", "06.OperationsBetweenNumbers\06.OperationsBetweenNumbers.csproj", "{99C849D5-44EB-4C7D-8EA8-3EC9F5A3750F}"
EndProject
Project("{9A19103F-16F7-4668-BE54-9A1E7A4F7556}") = "07.HotelRoom", "07.HotelRoom\07.HotelRoom.csproj", "{314EDE91-BAAC-46C2-9AB9-95FF0412ED78}"
EndProject
Project("{9A19103F-16F7-4668-BE54-9A1E7A4F7556}") = "08.OnTimeForTheExam", "08.OnTimeForTheExam\08.OnTimeForTheExam.csproj", "{45A3D574-A383-4F48-9392-FCE92C462D58}"
EndProject
Project("{9A19103F-16F7-4668-BE54-9A1E7A4F7556}") = "09.SkiTrip", "09.SkiTrip\09.SkiTrip.csproj", "{CF6B40BD-215E-4D21-95B5-396759C2BD5E}"
EndProject
Project("{2150E333-8FDC-42A3-9474-1A3956D46DE8}") = "07.ForLoopLab", "07.ForLoopLab", "{EFBA4C03-F8D9-4109-AED3-32B11C5B6E80}"
EndProject
Project("{9A19103F-16F7-4668-BE54-9A1E7A4F7556}") = "01.NumbersFrom1to100", "NumbersFrom1to100\01.NumbersFrom1to100.csproj", "{963D0C99-0852-4225-A9C0-22499A133593}"
EndProject
Project("{9A19103F-16F7-4668-BE54-9A1E7A4F7556}") = "02.NumbersNto1", "02.NumbersNto1\02.NumbersNto1.csproj", "{9884CBFB-35F5-4B24-9741-D60C39CFFD56}"
EndProject
Project("{9A19103F-16F7-4668-BE54-9A1E7A4F7556}") = "03.Numbers1toNwithStep3", "03.Numbers1toNwithStep3\03.Numbers1toNwithStep3.csproj", "{9066178E-A7F3-4152-9110-43F4F9C13C31}"
EndProject
Project("{9A19103F-16F7-4668-BE54-9A1E7A4F7556}") = "04.EvenPowersOf2", "04.EvenPowersOf2\04.EvenPowersOf2.csproj", "{CB13F770-F9A7-4A42-9DFC-2C17D5DD23F4}"
EndProject
Project("{9A19103F-16F7-4668-BE54-9A1E7A4F7556}") = "05.CharacterSequence", "05.CharacterSequence\05.CharacterSequence.csproj", "{DD6D4EA1-6FA1-48D9-8906-C6A8AC86CD97}"
EndProject
Project("{9A19103F-16F7-4668-BE54-9A1E7A4F7556}") = "06.VowelsSum", "06.VowelsSum\06.VowelsSum.csproj", "{3D917825-5A9A-47A4-A761-38983473A748}"
EndProject
Project("{9A19103F-16F7-4668-BE54-9A1E7A4F7556}") = "07.SumNumbers", "07.SumNumbers\07.SumNumbers.csproj", "{7DA41487-B15D-45F5-A89A-C4AAC51A2939}"
EndProject
Project("{9A19103F-16F7-4668-BE54-9A1E7A4F7556}") = "08.NumberSequence", "08.NumberSequence\08.NumberSequence.csproj", "{B67FC047-FCB1-41AA-8029-26C3391D9118}"
EndProject
Project("{9A19103F-16F7-4668-BE54-9A1E7A4F7556}") = "09.LeftToRightSum", "09.LeftToRightSum\09.LeftToRightSum.csproj", "{549821A5-E557-47C3-AD64-3552E7124749}"
EndProject
Project("{9A19103F-16F7-4668-BE54-9A1E7A4F7556}") = "10.OddEvenSum", "10.OddEvenSum\10.OddEvenSum.csproj", "{7B5DC423-76E7-4F05-9C49-3E184D4E3C19}"
EndProject
Project("{2150E333-8FDC-42A3-9474-1A3956D46DE8}") = "08.ForLoopExercise", "08.ForLoopExercise", "{F84D27CE-314E-40A6-B7BB-054215518354}"
EndProject
Project("{9A19103F-16F7-4668-BE54-9A1E7A4F7556}") = "01.NumbersEndingIn7", "01.NumbersEndingIn7\01.NumbersEndingIn7.csproj", "{2A7BCA29-6A5C-4874-AD06-0A614D70632A}"
EndProject
Project("{9A19103F-16F7-4668-BE54-9A1E7A4F7556}") = "02.HalfSumElement", "02.HalfSumElement\02.HalfSumElement.csproj", "{3B889F9C-3C13-4C23-95FA-86959130AB00}"
EndProject
Project("{9A19103F-16F7-4668-BE54-9A1E7A4F7556}") = "03.Histogram", "03.Histogram\03.Histogram.csproj", "{D8E2EBE5-39B5-4519-A34B-459728088FE0}"
EndProject
Project("{9A19103F-16F7-4668-BE54-9A1E7A4F7556}") = "04.CleverLilly", "04.CleverLilly\04.CleverLilly.csproj", "{5F9E56D3-41A7-40AF-8DE0-440F855DB322}"
EndProject
Project("{9A19103F-16F7-4668-BE54-9A1E7A4F7556}") = "05.Salary", "05.Salary\05.Salary.csproj", "{3BCBA213-F7DD-47C0-B822-7B4E246C03C1}"
EndProject
Project("{9A19103F-16F7-4668-BE54-9A1E7A4F7556}") = "06.Oscars", "06.Oscars\06.Oscars.csproj", "{940614B8-2B54-4993-8AB5-2DA642786FF2}"
EndProject
Project("{9A19103F-16F7-4668-BE54-9A1E7A4F7556}") = "07.TrekkingMania", "07.TrekkingMania\07.TrekkingMania.csproj", "{A1A1BC5B-42E3-49A2-A3FA-78CEC3AA9C73}"
EndProject
Project("{9A19103F-16F7-4668-BE54-9A1E7A4F7556}") = "09.TennisRanklist", "09.TennisRanklist\09.TennisRanklist.csproj", "{2D8C550A-1CCE-4D9C-9521-65287858DE28}"
EndProject
Project("{2150E333-8FDC-42A3-9474-1A3956D46DE8}") = "09.WhileLoopLab", "09.WhileLoopLab", "{A44838EC-7FC3-4ACF-91F7-88D75528E234}"
EndProject
Project("{9A19103F-16F7-4668-BE54-9A1E7A4F7556}") = "01.ReadText", "01.ReadText\01.ReadText.csproj", "{4FF9272F-4223-4E19-8BBF-313BE49EFF83}"
EndProject
Project("{9A19103F-16F7-4668-BE54-9A1E7A4F7556}") = "02.Password", "02.Password\02.Password.csproj", "{5C669DE5-9615-4FE0-99F3-A50D856C9BF8}"
EndProject
Project("{9A19103F-16F7-4668-BE54-9A1E7A4F7556}") = "03. SumNumbers", "03. SumNumbers\03. SumNumbers.csproj", "{ADDA1D85-E3E7-4FCA-BCEE-3A4D11A19CE2}"
EndProject
Project("{9A19103F-16F7-4668-BE54-9A1E7A4F7556}") = "04.Sequence2kPlus1", "04.Sequence2kPlus1\04.Sequence2kPlus1.csproj", "{76973B79-40C0-4206-87F5-BAD88AA5DDE8}"
EndProject
Project("{9A19103F-16F7-4668-BE54-9A1E7A4F7556}") = "04.AccountBalance", "04.AccountBalance\04.AccountBalance.csproj", "{A0B75069-948C-4EC6-94A2-0C036E126764}"
EndProject
Project("{9A19103F-16F7-4668-BE54-9A1E7A4F7556}") = "06.MaxNumber", "06.MaxNumber\06.MaxNumber.csproj", "{B9429D65-B447-4A24-A6CB-4FAD8E8D3936}"
EndProject
Project("{9A19103F-16F7-4668-BE54-9A1E7A4F7556}") = "07.MinNumber", "07.MinNumber\07.MinNumber.csproj", "{7596C618-1B0A-4E1E-B8A0-8A2B9A2693C6}"
EndProject
Project("{9A19103F-16F7-4668-BE54-9A1E7A4F7556}") = "08.Graduation", "08.Graduation\08.Graduation.csproj", "{A7477517-AF99-48FF-8792-52A3BF0F6A44}"
EndProject
Project("{2150E333-8FDC-42A3-9474-1A3956D46DE8}") = "10.WhileLoopExercise", "10.WhileLoopExercise", "{53A0D8A2-CAF4-40D2-9BE2-BE1D760F6902}"
EndProject
Project("{9A19103F-16F7-4668-BE54-9A1E7A4F7556}") = "01.OldBooks", "01.OldBooks\01.OldBooks.csproj", "{7938B8B4-BB8B-486C-9C73-863AE81CCFB8}"
EndProject
Project("{9A19103F-16F7-4668-BE54-9A1E7A4F7556}") = "02.ExamPreparation", "02.ExamPreparation\02.ExamPreparation.csproj", "{3A036577-2F34-4908-89DA-D6F947AF057E}"
EndProject
Project("{9A19103F-16F7-4668-BE54-9A1E7A4F7556}") = "03.Vacation", "03.Vacation\03.Vacation.csproj", "{CF91BF61-70B0-48BB-9886-3442EC28E048}"
EndProject
Project("{9A19103F-16F7-4668-BE54-9A1E7A4F7556}") = "04.Walking", "04.Walking\04.Walking.csproj", "{8898FB99-76CC-40D7-8142-50DADB200A56}"
EndProject
Project("{9A19103F-16F7-4668-BE54-9A1E7A4F7556}") = "05.Coins", "05.Coins\05.Coins.csproj", "{D833036B-BE69-47BE-AFA3-DB2CACF9F8BE}"
EndProject
Project("{9A19103F-16F7-4668-BE54-9A1E7A4F7556}") = "06.Cake", "06.Cake\06.Cake.csproj", "{66F2F04B-9BCB-460B-AC39-238BB3E2A583}"
EndProject
Project("{9A19103F-16F7-4668-BE54-9A1E7A4F7556}") = "07.Moving", "07.Moving\07.Moving.csproj", "{293E9380-CC99-4B94-B156-5D6746F21038}"
EndProject
Project("{2150E333-8FDC-42A3-9474-1A3956D46DE8}") = "11.NestedLoopsLab", "11.NestedLoopsLab", "{6B26A668-4F16-47B4-BFE2-5A2644563F52}"
EndProject
Project("{9A19103F-16F7-4668-BE54-9A1E7A4F7556}") = "01.Clock", "01.Clock\01.Clock.csproj", "{2BD4F40B-F7FD-4FDF-AEEB-B4444749FD28}"
EndProject
Project("{9A19103F-16F7-4668-BE54-9A1E7A4F7556}") = "02.MultiplicationTable", "02.MultiplicationTable\02.MultiplicationTable.csproj", "{B53C1F64-7529-4139-A3BF-8D8CE559F506}"
EndProject
Project("{9A19103F-16F7-4668-BE54-9A1E7A4F7556}") = "03.Combinations", "03.Combinations\03.Combinations.csproj", "{22D3CF4F-BA01-415C-83FF-67637EBCEBBC}"
EndProject
Project("{9A19103F-16F7-4668-BE54-9A1E7A4F7556}") = "04.SumOfTwoNumbers", "04.SumOfTwoNumbers\04.SumOfTwoNumbers.csproj", "{45F4AF50-B403-4882-9DCE-83C21F9E0781}"
EndProject
Project("{9A19103F-16F7-4668-BE54-9A1E7A4F7556}") = "05.Travelling", "05.Travelling\05.Travelling.csproj", "{2165EA12-2135-4D7B-9387-A986388018B0}"
EndProject
Project("{9A19103F-16F7-4668-BE54-9A1E7A4F7556}") = "06.Building", "06.Building\06.Building.csproj", "{9B4A5EF3-4CF4-419D-9BA1-7BF8B85B34B1}"
EndProject
Project("{2150E333-8FDC-42A3-9474-1A3956D46DE8}") = "12.NestedLoopsExercise", "12.NestedLoopsExercise", "{8B2392BC-5CF9-4661-8978-F962D3B7D51F}"
EndProject
Project("{9A19103F-16F7-4668-BE54-9A1E7A4F7556}") = "01.NumberPyramid", "01.NumberPyramid\01.NumberPyramid.csproj", "{9A0CF1BE-64E8-4A9A-ABB6-EC5E5A454A5B}"
EndProject
Project("{9A19103F-16F7-4668-BE54-9A1E7A4F7556}") = "02.EqualSumsEvenOddPosition", "02.EqualSumsEvenOddPosition\02.EqualSumsEvenOddPosition.csproj", "{E3768FD2-D6EF-4C33-B72B-504C444E5E7E}"
EndProject
Project("{9A19103F-16F7-4668-BE54-9A1E7A4F7556}") = "03.SumPrimeNonPrime", "03.SumPrimeNonPrime\03.SumPrimeNonPrime.csproj", "{27E23827-CA2E-4B5F-AAF4-3B7631091ED1}"
EndProject
Project("{9A19103F-16F7-4668-BE54-9A1E7A4F7556}") = "04.TrainTheTrainers", "04.TrainTheTrainers\04.TrainTheTrainers.csproj", "{29FF089B-0802-46C8-B3D8-95C10E7118A6}"
EndProject
Project("{9A19103F-16F7-4668-BE54-9A1E7A4F7556}") = "05.SpecialNumbers", "05.SpecialNumbers\05.SpecialNumbers.csproj", "{5A5EFFAD-3516-4C16-8694-8CA09B9B452E}"
EndProject
Project("{9A19103F-16F7-4668-BE54-9A1E7A4F7556}") = "06.CinemaTickets", "06.CinemaTickets\06.CinemaTickets.csproj", "{61D01D84-49A1-4337-AFB6-DCC3F3D9935B}"
EndProject
Project("{2150E333-8FDC-42A3-9474-1A3956D46DE8}") = "SimpleCalculationsExamProblems", "SimpleCalculationsExamProblems", "{62F97A87-701F-4C15-B1A8-A720B5EACF01}"
EndProject
Project("{9A19103F-16F7-4668-BE54-9A1E7A4F7556}") = "01.TrainingLab", "01.TrainingLab\01.TrainingLab.csproj", "{A603B929-269C-4992-A5E0-E6DD2012E1EF}"
EndProject
Project("{9A19103F-16F7-4668-BE54-9A1E7A4F7556}") = "02.VegetableMarket", "02.VegetableMarket\02.VegetableMarket.csproj", "{F12DFDA3-18CC-41F9-92FD-07832E67A54F}"
EndProject
Project("{9A19103F-16F7-4668-BE54-9A1E7A4F7556}") = "03.ChangeTiles", "03.ChangeTiles\03.ChangeTiles.csproj", "{A9DF8FFE-9ED1-4EB6-89CA-5583E0CFB931}"
EndProject
Project("{9A19103F-16F7-4668-BE54-9A1E7A4F7556}") = "04.Money", "04.Money\04.Money.csproj", "{214CCA72-54E4-4399-AD18-598EC454E23F}"
EndProject
Project("{9A19103F-16F7-4668-BE54-9A1E7A4F7556}") = "05.DailyEarnings", "05.DailyEarnings\05.DailyEarnings.csproj", "{59C7C0F4-3890-4EB9-85BB-526D9B1B6046}"
EndProject
Project("{2150E333-8FDC-42A3-9474-1A3956D46DE8}") = "SimpleConditionsExamProblems", "SimpleConditionsExamProblems", "{4AF25E99-1A0B-471B-B50B-44019D30A31A}"
EndProject
Project("{9A19103F-16F7-4668-BE54-9A1E7A4F7556}") = "01.TransportPrice", "01.TransportPrice\01.TransportPrice.csproj", "{0AE4CFF9-E55E-4DCF-8606-03F5D46647C0}"
EndProject
Project("{9A19103F-16F7-4668-BE54-9A1E7A4F7556}") = "02.PipesInPool", "02.PipesInPool\02.PipesInPool.csproj", "{A7F4F8A6-B650-48CD-B838-6F69300E6C2E}"
EndProject
Project("{9A19103F-16F7-4668-BE54-9A1E7A4F7556}") = "03.SleepyTomCat", "03.SleepyTomCat\03.SleepyTomCat.csproj", "{9CC206F1-064E-49A9-99BD-97EAEE42A2A5}"
EndProject
Project("{9A19103F-16F7-4668-BE54-9A1E7A4F7556}") = "04.Harvest", "04.Harvest\04.Harvest.csproj", "{F7974F37-17D4-409D-B4E2-8ED995AA6D94}"
EndProject
Project("{9A19103F-16F7-4668-BE54-9A1E7A4F7556}") = "05.Firm", "05.Firm\05.Firm.csproj", "{77948BA0-F649-4692-892F-C5767C6D72E3}"
EndProject
Project("{2150E333-8FDC-42A3-9474-1A3956D46DE8}") = "ComplexConditionsExamProblems", "ComplexConditionsExamProblems", "{575A087B-D337-4F8D-BADF-49F815304D6B}"
EndProject
Project("{9A19103F-16F7-4668-BE54-9A1E7A4F7556}") = "01.OnTimeForTheExam", "01.OnTimeForTheExam\01.OnTimeForTheExam.csproj", "{5FB6483A-DED2-47D3-B3C4-132DCF517261}"
EndProject
Project("{9A19103F-16F7-4668-BE54-9A1E7A4F7556}") = "02.Trip", "02.Trip\02.Trip.csproj", "{FA26A6ED-A260-44AD-9A66-1A534BFCBBC7}"
EndProject
Project("{9A19103F-16F7-4668-BE54-9A1E7A4F7556}") = "03.Operations", "03.Operations\03.Operations.csproj", "{DEE3118F-6054-40F2-B48A-965F2AFDAD4F}"
EndProject
Project("{9A19103F-16F7-4668-BE54-9A1E7A4F7556}") = "05.HotelRoom", "05.HotelRoom\05.HotelRoom.csproj", "{97E8008A-750C-453D-8781-3A1D3BAD39BB}"
EndProject
Project("{9A19103F-16F7-4668-BE54-9A1E7A4F7556}") = "04.MatchTickets", "04.MatchTickets\04.MatchTickets.csproj", "{AB2F2A86-EAD6-47B3-A2C0-1F0F6DEECED4}"
EndProject
Project("{2150E333-8FDC-42A3-9474-1A3956D46DE8}") = "LoopsExamProblems", "LoopsExamProblems", "{E84995ED-3FE0-4891-96F1-2CECD8AB6D4A}"
EndProject
Project("{9A19103F-16F7-4668-BE54-9A1E7A4F7556}") = "01.Histogram", "01.Histogram\01.Histogram.csproj", "{43C594BC-1FE1-4227-86B2-A49EEEA468BF}"
EndProject
Project("{9A19103F-16F7-4668-BE54-9A1E7A4F7556}") = "02.SmartLilly", "02.SmartLilly\02.SmartLilly.csproj", "{9F73DBCA-1C1E-4DDE-BAE6-B04562748611}"
EndProject
Project("{9A19103F-16F7-4668-BE54-9A1E7A4F7556}") = "03.BackToThePast", "03.BackToThePast\03.BackToThePast.csproj", "{958F9322-BD67-48F4-8AD8-629CA7AFEAA3}"
EndProject
Project("{9A19103F-16F7-4668-BE54-9A1E7A4F7556}") = "04.Hospital", "04.Hospital\04.Hospital.csproj", "{5F66A07C-FD3A-4C6D-8B18-4E438B8CDA45}"
EndProject
Project("{9A19103F-16F7-4668-BE54-9A1E7A4F7556}") = "05.Division", "05.Division\05.Division.csproj", "{80396E93-4152-4FF8-A245-0D0CC6894BA9}"
EndProject
Project("{9A19103F-16F7-4668-BE54-9A1E7A4F7556}") = "06.Logistics", "06.Logistics\06.Logistics.csproj", "{D45B3455-6776-4C58-9123-B14230A42EC5}"
EndProject
Project("{2150E333-8FDC-42A3-9474-1A3956D46DE8}") = "DrawFigures", "DrawFigures", "{DAE9D4E7-EF1B-4FDD-992C-E31FBEDE8CA8}"
EndProject
Project("{9A19103F-16F7-4668-BE54-9A1E7A4F7556}") = "01.DrawFort", "01.DrawFort\01.DrawFort.csproj", "{93DD1E00-BF92-462C-9FE9-AD55640EB4A5}"
EndProject
Project("{9A19103F-16F7-4668-BE54-9A1E7A4F7556}") = "02.Butterfly", "02.Butterfly\02.Butterfly.csproj", "{0D9CC307-90DE-4C1A-AF5C-782B072FB33C}"
EndProject
Project("{9A19103F-16F7-4668-BE54-9A1E7A4F7556}") = "03.Stop", "03.Stop\03.Stop.csproj", "{0C7EF242-7B0D-4010-96F9-00253FE51A4D}"
EndProject
Project("{9A19103F-16F7-4668-BE54-9A1E7A4F7556}") = "04.Arrow", "04.Arrow\04.Arrow.csproj", "{D6E3DF5F-E623-41CD-866E-E0179D2D0401}"
EndProject
Project("{9A19103F-16F7-4668-BE54-9A1E7A4F7556}") = "05.Axe", "05.Axe\05.Axe.csproj", "{7BCAD616-B826-41B3-948E-0F819A6D4B19}"
EndProject
Project("{9A19103F-16F7-4668-BE54-9A1E7A4F7556}") = "01.StupidPasswordGenerator", "01.StupidPasswordGenerator\01.StupidPasswordGenerator.csproj", "{0B5ABC30-1DA7-4AB3-9700-195478C9D649}"
EndProject
Project("{2150E333-8FDC-42A3-9474-1A3956D46DE8}") = "ComplexLoopsExanProblems", "ComplexLoopsExanProblems", "{9D4574E6-9031-42CF-B92E-57842C2D8019}"
EndProject
Project("{9A19103F-16F7-4668-BE54-9A1E7A4F7556}") = "02.MagicCombination", "02.MagicCombination\02.MagicCombination.csproj", "{3805D91D-E5F2-4B25-8A5D-A2166E1174B0}"
EndProject
Project("{9A19103F-16F7-4668-BE54-9A1E7A4F7556}") = "03.StopNumber", "03.StopNumber\03.StopNumber.csproj", "{5852E3D0-CBA1-4BF3-B9A7-DBEE572FC8AD}"
EndProject
Project("{9A19103F-16F7-4668-BE54-9A1E7A4F7556}") = "04.SpecialNumbers", "04.SpecialNumbers\04.SpecialNumbers.csproj", "{D2B23F72-2475-4069-874E-70DD50BBF4B6}"
EndProject
Project("{9A19103F-16F7-4668-BE54-9A1E7A4F7556}") = "05.Digits", "05.Digits\05.Digits.csproj", "{FFE95646-B29D-48C0-A6D9-4A48A069CA2C}"
EndProject
Project("{2150E333-8FDC-42A3-9474-1A3956D46DE8}") = "ExanPreparationI", "ExanPreparationI", "{510B88D1-69E0-4831-9B4D-45388F9D6144}"
EndProject
Project("{9A19103F-16F7-4668-BE54-9A1E7A4F7556}") = "01.TriangleArea", "01.TriangleArea\01.TriangleArea.csproj", "{D974C5F6-2A1D-49AF-B2B1-49C907B298D9}"
EndProject
Project("{9A19103F-16F7-4668-BE54-9A1E7A4F7556}") = "02.Bricks", "02.Bricks\02.Bricks.csproj", "{17376350-44F3-48BC-8D6D-064A5308F6D9}"
EndProject
Project("{9A19103F-16F7-4668-BE54-9A1E7A4F7556}") = "03.PointOnSegment", "03.PointOnSegment\03.PointOnSegment.csproj", "{19C8D2A2-4DB5-4224-A512-0996C1E314F5}"
EndProject
Project("{9A19103F-16F7-4668-BE54-9A1E7A4F7556}") = "04.PointInFigure", "04.PointInFigure\04.PointInFigure.csproj", "{781C5FB1-CFB6-46F9-8C71-AEE2DC6DCC4C}"
EndProject
Project("{9A19103F-16F7-4668-BE54-9A1E7A4F7556}") = "05.DateAfterFiveDays", "05.DateAfterFiveDays\05.DateAfterFiveDays.csproj", "{7DC89198-F6B3-4F26-BEC8-A9DDBABEECE3}"
EndProject
Project("{9A19103F-16F7-4668-BE54-9A1E7A4F7556}") = "06.SumThreeNumbers", "06.SumThreeNumbers\06.SumThreeNumbers.csproj", "{BCCD68FD-F272-4CA8-B672-BE0B401C7139}"
EndProject
Project("{9A19103F-16F7-4668-BE54-9A1E7A4F7556}") = "07.SumStepThree", "07.SumStepThree\07.SumStepThree.csproj", "{5A8D87F1-0712-499D-AE33-910C86988318}"
EndProject
Project("{9A19103F-16F7-4668-BE54-9A1E7A4F7556}") = "08.IncreasingElements", "08.IncreasingElements\08.IncreasingElements.csproj", "{FDCE46F1-505C-4BE0-A306-381212098C6B}"
EndProject
Project("{9A19103F-16F7-4668-BE54-9A1E7A4F7556}") = "09.PerfectDiamond", "09.PerfectDiamond\09.PerfectDiamond.csproj", "{B417EBD0-A597-4C1A-A12C-B7C657F70A16}"
EndProject
Project("{9A19103F-16F7-4668-BE54-9A1E7A4F7556}") = "10.RectangleWithStars", "10.RectangleWithStars\10.RectangleWithStars.csproj", "{2C4DDCB5-E2BA-438A-AEE3-0E76A1B5DF05}"
EndProject
Project("{9A19103F-16F7-4668-BE54-9A1E7A4F7556}") = "11.IncreasingFourNumbers", "11.IncreasingFourNumbers\11.IncreasingFourNumbers.csproj", "{80D5D65D-608F-4CF3-9BC9-05816D54E202}"
EndProject
Project("{9A19103F-16F7-4668-BE54-9A1E7A4F7556}") = "12.GenerateRectangles", "12.GenerateRectangles\12.GenerateRectangles.csproj", "{A3245CE2-1AB9-4CFD-A81B-BEA226280810}"
EndProject
Project("{2150E333-8FDC-42A3-9474-1A3956D46DE8}") = "ExamPreparationII", "ExamPreparationII", "{531C21B8-A518-472E-BC4F-5CF9E14A3ADC}"
EndProject
Project("{FAE04EC0-301F-11D3-BF4B-00C04F79EFBC}") = "01.Distance", "01.Distance\01.Distance.csproj", "{D6B854B8-6F46-416E-9E6D-5AC695D0214A}"
EndProject
Project("{FAE04EC0-301F-11D3-BF4B-00C04F79EFBC}") = "02.ChangeTiles", "02.ChangeTiles\02.ChangeTiles.csproj", "{A90260B4-4A2C-49AB-AF87-7A111FA6FF60}"
EndProject
Project("{FAE04EC0-301F-11D3-BF4B-00C04F79EFBC}") = "03.Flowers", "03.Flowers\03.Flowers.csproj", "{D6E284F9-C123-429F-8976-0EF696965A7F}"
EndProject
Project("{FAE04EC0-301F-11D3-BF4B-00C04F79EFBC}") = "04.Grades", "04.Grades\04.Grades.csproj", "{323800C0-F199-4DE6-96F2-C990C09576C8}"
EndProject
Project("{FAE04EC0-301F-11D3-BF4B-00C04F79EFBC}") = "05.ChristmasHat", "05.ChristmasHat\05.ChristmasHat.csproj", "{8C270EAC-8867-4ECC-9DA4-92B4124602C8}"
EndProject
Project("{FAE04EC0-301F-11D3-BF4B-00C04F79EFBC}") = "06.LettersCombinations", "06.LettersCombinations\06.LettersCombinations.csproj", "{FFDF3AB1-30E1-4C4C-B4D5-FFFFFD32A9FB}"
EndProject
Project("{2150E333-8FDC-42A3-9474-1A3956D46DE8}") = "Methods", "Methods", "{4148C7CF-32CA-4431-868E-35C4F2203FB0}"
EndProject
Project("{FAE04EC0-301F-11D3-BF4B-00C04F79EFBC}") = "01.BlankReceipt", "01.BlankReceipt\01.BlankReceipt.csproj", "{22F0F7E8-E076-4F2A-8B3D-4697C4122FB6}"
EndProject
Project("{FAE04EC0-301F-11D3-BF4B-00C04F79EFBC}") = "02.SignOfIntegerNumber", "02.SignOfIntegerNumber\02.SignOfIntegerNumber.csproj", "{57261DF4-49B3-4BD7-BF8F-0128E3281ED3}"
EndProject
Project("{FAE04EC0-301F-11D3-BF4B-00C04F79EFBC}") = "03.PrintingTriangle", "03.PrintingTriangle\03.PrintingTriangle.csproj", "{E453975C-5636-40D7-80D8-9F89166CC838}"
EndProject
Project("{FAE04EC0-301F-11D3-BF4B-00C04F79EFBC}") = "04.DrawFilledSquare", "04.DrawFilledSquare\04.DrawFilledSquare.csproj", "{049EE07E-A37C-41DA-A4C3-BE7F1E003A05}"
EndProject
Project("{FAE04EC0-301F-11D3-BF4B-00C04F79EFBC}") = "05.CalculateTriangleArea", "05.CalculateTriangleArea\05.CalculateTriangleArea.csproj", "{CC9570C3-55ED-4F63-BE69-D170D5C444EE}"
EndProject
Project("{FAE04EC0-301F-11D3-BF4B-00C04F79EFBC}") = "06.MathPower", "06.MathPower\06.MathPower.csproj", "{A3875195-7251-4838-920E-20ED51BAD469}"
EndProject
Project("{FAE04EC0-301F-11D3-BF4B-00C04F79EFBC}") = "07.GreateOfTwoValues", "07.GreateOfTwoValues\07.GreateOfTwoValues.csproj", "{A06F2095-8102-4496-89B3-88E893A5B898}"
EndProject
Project("{FAE04EC0-301F-11D3-BF4B-00C04F79EFBC}") = "08.HelloName", "08.HelloName\08.HelloName.csproj", "{823EBC45-A83E-4D8E-BFA7-209B0843DE30}"
EndProject
Project("{FAE04EC0-301F-11D3-BF4B-00C04F79EFBC}") = "09.MinMethod", "09.MinMethod\09.MinMethod.csproj", "{05CE69FF-F7E8-49E0-90CD-5CEB172855C9}"
EndProject
Project("{FAE04EC0-301F-11D3-BF4B-00C04F79EFBC}") = "10.StringRepeater", "10.StringRepeater\10.StringRepeater.csproj", "{C3FA6EA1-F190-444E-8CC9-8687E7F2A33A}"
EndProject
Project("{FAE04EC0-301F-11D3-BF4B-00C04F79EFBC}") = "11.NthDIgit", "11.NthDIgit\11.NthDIgit.csproj", "{706D31FF-38C1-4754-AFFA-15617C163FFB}"
EndProject
Project("{FAE04EC0-301F-11D3-BF4B-00C04F79EFBC}") = "12.IntegerToBase", "12.IntegerToBase\12.IntegerToBase.csproj", "{360ACD8C-9D45-4008-9A2F-F34A306EB597}"
EndProject
Project("{FAE04EC0-301F-11D3-BF4B-00C04F79EFBC}") = "13.Notifications", "13.Notification\13.Notifications.csproj", "{345D70FE-F420-4F10-80EF-2FA6E5A8F3A6}"
EndProject
Project("{FAE04EC0-301F-11D3-BF4B-00C04F79EFBC}") = "14.NumbersToWords", "14.NumbersToWords\14.NumbersToWords.csproj", "{BF8E187A-0E69-4927-A27F-D2898A448F0D}"
EndProject
Project("{FAE04EC0-301F-11D3-BF4B-00C04F79EFBC}") = "15.StringEncryption", "15.StringEncryption\15.StringEncryption.csproj", "{E26D5A9E-5A5A-4CD0-AF0B-204EF7B6C377}"
EndProject
Global
	GlobalSection(SolutionConfigurationPlatforms) = preSolution
		Debug|Any CPU = Debug|Any CPU
		Release|Any CPU = Release|Any CPU
	EndGlobalSection
	GlobalSection(ProjectConfigurationPlatforms) = postSolution
		{83428113-E2D6-4A9A-8B43-25216BC709D4}.Debug|Any CPU.ActiveCfg = Debug|Any CPU
		{83428113-E2D6-4A9A-8B43-25216BC709D4}.Debug|Any CPU.Build.0 = Debug|Any CPU
		{83428113-E2D6-4A9A-8B43-25216BC709D4}.Release|Any CPU.ActiveCfg = Release|Any CPU
		{83428113-E2D6-4A9A-8B43-25216BC709D4}.Release|Any CPU.Build.0 = Release|Any CPU
		{1062F892-E563-4095-86A1-C8294104DA8A}.Debug|Any CPU.ActiveCfg = Debug|Any CPU
		{1062F892-E563-4095-86A1-C8294104DA8A}.Debug|Any CPU.Build.0 = Debug|Any CPU
		{1062F892-E563-4095-86A1-C8294104DA8A}.Release|Any CPU.ActiveCfg = Release|Any CPU
		{1062F892-E563-4095-86A1-C8294104DA8A}.Release|Any CPU.Build.0 = Release|Any CPU
		{A70E52B2-4381-4821-97D8-656314141750}.Debug|Any CPU.ActiveCfg = Debug|Any CPU
		{A70E52B2-4381-4821-97D8-656314141750}.Debug|Any CPU.Build.0 = Debug|Any CPU
		{A70E52B2-4381-4821-97D8-656314141750}.Release|Any CPU.ActiveCfg = Release|Any CPU
		{A70E52B2-4381-4821-97D8-656314141750}.Release|Any CPU.Build.0 = Release|Any CPU
		{A8C52687-2839-4371-BC0F-A2A86B471349}.Debug|Any CPU.ActiveCfg = Debug|Any CPU
		{A8C52687-2839-4371-BC0F-A2A86B471349}.Debug|Any CPU.Build.0 = Debug|Any CPU
		{A8C52687-2839-4371-BC0F-A2A86B471349}.Release|Any CPU.ActiveCfg = Release|Any CPU
		{A8C52687-2839-4371-BC0F-A2A86B471349}.Release|Any CPU.Build.0 = Release|Any CPU
		{653C02C6-6F40-4E0C-B277-F0B79155D0C9}.Debug|Any CPU.ActiveCfg = Debug|Any CPU
		{653C02C6-6F40-4E0C-B277-F0B79155D0C9}.Debug|Any CPU.Build.0 = Debug|Any CPU
		{653C02C6-6F40-4E0C-B277-F0B79155D0C9}.Release|Any CPU.ActiveCfg = Release|Any CPU
		{653C02C6-6F40-4E0C-B277-F0B79155D0C9}.Release|Any CPU.Build.0 = Release|Any CPU
		{8CFC7801-69D5-4FB0-9FE9-9C81DBC3F206}.Debug|Any CPU.ActiveCfg = Debug|Any CPU
		{8CFC7801-69D5-4FB0-9FE9-9C81DBC3F206}.Debug|Any CPU.Build.0 = Debug|Any CPU
		{8CFC7801-69D5-4FB0-9FE9-9C81DBC3F206}.Release|Any CPU.ActiveCfg = Release|Any CPU
		{8CFC7801-69D5-4FB0-9FE9-9C81DBC3F206}.Release|Any CPU.Build.0 = Release|Any CPU
		{DE065ECC-74AD-474D-9D35-AB7FF589F9FB}.Debug|Any CPU.ActiveCfg = Debug|Any CPU
		{DE065ECC-74AD-474D-9D35-AB7FF589F9FB}.Debug|Any CPU.Build.0 = Debug|Any CPU
		{DE065ECC-74AD-474D-9D35-AB7FF589F9FB}.Release|Any CPU.ActiveCfg = Release|Any CPU
		{DE065ECC-74AD-474D-9D35-AB7FF589F9FB}.Release|Any CPU.Build.0 = Release|Any CPU
		{3C780C05-F419-4866-AF93-DCB336E57753}.Debug|Any CPU.ActiveCfg = Debug|Any CPU
		{3C780C05-F419-4866-AF93-DCB336E57753}.Debug|Any CPU.Build.0 = Debug|Any CPU
		{3C780C05-F419-4866-AF93-DCB336E57753}.Release|Any CPU.ActiveCfg = Release|Any CPU
		{3C780C05-F419-4866-AF93-DCB336E57753}.Release|Any CPU.Build.0 = Release|Any CPU
		{D818EB45-62A5-4DFD-9746-563EB8134D9C}.Debug|Any CPU.ActiveCfg = Debug|Any CPU
		{D818EB45-62A5-4DFD-9746-563EB8134D9C}.Debug|Any CPU.Build.0 = Debug|Any CPU
		{D818EB45-62A5-4DFD-9746-563EB8134D9C}.Release|Any CPU.ActiveCfg = Release|Any CPU
		{D818EB45-62A5-4DFD-9746-563EB8134D9C}.Release|Any CPU.Build.0 = Release|Any CPU
		{9E040FA2-A525-42BF-A585-5C2E5F7BCA2F}.Debug|Any CPU.ActiveCfg = Debug|Any CPU
		{9E040FA2-A525-42BF-A585-5C2E5F7BCA2F}.Debug|Any CPU.Build.0 = Debug|Any CPU
		{9E040FA2-A525-42BF-A585-5C2E5F7BCA2F}.Release|Any CPU.ActiveCfg = Release|Any CPU
		{9E040FA2-A525-42BF-A585-5C2E5F7BCA2F}.Release|Any CPU.Build.0 = Release|Any CPU
		{AD54E76E-1490-4928-B79A-70B094C4BBF1}.Debug|Any CPU.ActiveCfg = Debug|Any CPU
		{AD54E76E-1490-4928-B79A-70B094C4BBF1}.Debug|Any CPU.Build.0 = Debug|Any CPU
		{AD54E76E-1490-4928-B79A-70B094C4BBF1}.Release|Any CPU.ActiveCfg = Release|Any CPU
		{AD54E76E-1490-4928-B79A-70B094C4BBF1}.Release|Any CPU.Build.0 = Release|Any CPU
		{2BCC6498-8363-441A-ADE4-41F3BA4C53E7}.Debug|Any CPU.ActiveCfg = Debug|Any CPU
		{2BCC6498-8363-441A-ADE4-41F3BA4C53E7}.Debug|Any CPU.Build.0 = Debug|Any CPU
		{2BCC6498-8363-441A-ADE4-41F3BA4C53E7}.Release|Any CPU.ActiveCfg = Release|Any CPU
		{2BCC6498-8363-441A-ADE4-41F3BA4C53E7}.Release|Any CPU.Build.0 = Release|Any CPU
		{00F91B1D-7542-438F-87C6-2DCD432518CB}.Debug|Any CPU.ActiveCfg = Debug|Any CPU
		{00F91B1D-7542-438F-87C6-2DCD432518CB}.Debug|Any CPU.Build.0 = Debug|Any CPU
		{00F91B1D-7542-438F-87C6-2DCD432518CB}.Release|Any CPU.ActiveCfg = Release|Any CPU
		{00F91B1D-7542-438F-87C6-2DCD432518CB}.Release|Any CPU.Build.0 = Release|Any CPU
		{A0B46EBA-B5AF-40FC-B1A3-89458269BCDE}.Debug|Any CPU.ActiveCfg = Debug|Any CPU
		{A0B46EBA-B5AF-40FC-B1A3-89458269BCDE}.Debug|Any CPU.Build.0 = Debug|Any CPU
		{A0B46EBA-B5AF-40FC-B1A3-89458269BCDE}.Release|Any CPU.ActiveCfg = Release|Any CPU
		{A0B46EBA-B5AF-40FC-B1A3-89458269BCDE}.Release|Any CPU.Build.0 = Release|Any CPU
		{BF53CD72-3339-47B4-BB76-1BAA09D1BD4D}.Debug|Any CPU.ActiveCfg = Debug|Any CPU
		{BF53CD72-3339-47B4-BB76-1BAA09D1BD4D}.Debug|Any CPU.Build.0 = Debug|Any CPU
		{BF53CD72-3339-47B4-BB76-1BAA09D1BD4D}.Release|Any CPU.ActiveCfg = Release|Any CPU
		{BF53CD72-3339-47B4-BB76-1BAA09D1BD4D}.Release|Any CPU.Build.0 = Release|Any CPU
		{6EA25E65-3D1D-47CC-AF2E-06B1D0C6552C}.Debug|Any CPU.ActiveCfg = Debug|Any CPU
		{6EA25E65-3D1D-47CC-AF2E-06B1D0C6552C}.Debug|Any CPU.Build.0 = Debug|Any CPU
		{6EA25E65-3D1D-47CC-AF2E-06B1D0C6552C}.Release|Any CPU.ActiveCfg = Release|Any CPU
		{6EA25E65-3D1D-47CC-AF2E-06B1D0C6552C}.Release|Any CPU.Build.0 = Release|Any CPU
		{35114576-D6EB-4E0A-8720-912F4F174024}.Debug|Any CPU.ActiveCfg = Debug|Any CPU
		{35114576-D6EB-4E0A-8720-912F4F174024}.Debug|Any CPU.Build.0 = Debug|Any CPU
		{35114576-D6EB-4E0A-8720-912F4F174024}.Release|Any CPU.ActiveCfg = Release|Any CPU
		{35114576-D6EB-4E0A-8720-912F4F174024}.Release|Any CPU.Build.0 = Release|Any CPU
		{A4D18954-8469-407C-AA41-4C8F73AEFE77}.Debug|Any CPU.ActiveCfg = Debug|Any CPU
		{A4D18954-8469-407C-AA41-4C8F73AEFE77}.Debug|Any CPU.Build.0 = Debug|Any CPU
		{A4D18954-8469-407C-AA41-4C8F73AEFE77}.Release|Any CPU.ActiveCfg = Release|Any CPU
		{A4D18954-8469-407C-AA41-4C8F73AEFE77}.Release|Any CPU.Build.0 = Release|Any CPU
		{116D2799-A174-4C10-9F3A-7A0E32DCF35D}.Debug|Any CPU.ActiveCfg = Debug|Any CPU
		{116D2799-A174-4C10-9F3A-7A0E32DCF35D}.Debug|Any CPU.Build.0 = Debug|Any CPU
		{116D2799-A174-4C10-9F3A-7A0E32DCF35D}.Release|Any CPU.ActiveCfg = Release|Any CPU
		{116D2799-A174-4C10-9F3A-7A0E32DCF35D}.Release|Any CPU.Build.0 = Release|Any CPU
		{3B373B6A-646E-4B2D-A62F-6B51BB5E2273}.Debug|Any CPU.ActiveCfg = Debug|Any CPU
		{3B373B6A-646E-4B2D-A62F-6B51BB5E2273}.Debug|Any CPU.Build.0 = Debug|Any CPU
		{3B373B6A-646E-4B2D-A62F-6B51BB5E2273}.Release|Any CPU.ActiveCfg = Release|Any CPU
		{3B373B6A-646E-4B2D-A62F-6B51BB5E2273}.Release|Any CPU.Build.0 = Release|Any CPU
		{3AA1B577-8670-4CA6-A707-6E16C1EA416A}.Debug|Any CPU.ActiveCfg = Debug|Any CPU
		{3AA1B577-8670-4CA6-A707-6E16C1EA416A}.Debug|Any CPU.Build.0 = Debug|Any CPU
		{3AA1B577-8670-4CA6-A707-6E16C1EA416A}.Release|Any CPU.ActiveCfg = Release|Any CPU
		{3AA1B577-8670-4CA6-A707-6E16C1EA416A}.Release|Any CPU.Build.0 = Release|Any CPU
		{CCC20E92-BFBF-427A-B311-1739247820AF}.Debug|Any CPU.ActiveCfg = Debug|Any CPU
		{CCC20E92-BFBF-427A-B311-1739247820AF}.Debug|Any CPU.Build.0 = Debug|Any CPU
		{CCC20E92-BFBF-427A-B311-1739247820AF}.Release|Any CPU.ActiveCfg = Release|Any CPU
		{CCC20E92-BFBF-427A-B311-1739247820AF}.Release|Any CPU.Build.0 = Release|Any CPU
		{73E02076-A846-4C0B-8542-A98635117B32}.Debug|Any CPU.ActiveCfg = Debug|Any CPU
		{73E02076-A846-4C0B-8542-A98635117B32}.Debug|Any CPU.Build.0 = Debug|Any CPU
		{73E02076-A846-4C0B-8542-A98635117B32}.Release|Any CPU.ActiveCfg = Release|Any CPU
		{73E02076-A846-4C0B-8542-A98635117B32}.Release|Any CPU.Build.0 = Release|Any CPU
		{3467D77A-C8EE-4236-B475-7A7DE97C697B}.Debug|Any CPU.ActiveCfg = Debug|Any CPU
		{3467D77A-C8EE-4236-B475-7A7DE97C697B}.Debug|Any CPU.Build.0 = Debug|Any CPU
		{3467D77A-C8EE-4236-B475-7A7DE97C697B}.Release|Any CPU.ActiveCfg = Release|Any CPU
		{3467D77A-C8EE-4236-B475-7A7DE97C697B}.Release|Any CPU.Build.0 = Release|Any CPU
		{857085E9-E6EB-4556-B914-848BBD6E6078}.Debug|Any CPU.ActiveCfg = Debug|Any CPU
		{857085E9-E6EB-4556-B914-848BBD6E6078}.Debug|Any CPU.Build.0 = Debug|Any CPU
		{857085E9-E6EB-4556-B914-848BBD6E6078}.Release|Any CPU.ActiveCfg = Release|Any CPU
		{857085E9-E6EB-4556-B914-848BBD6E6078}.Release|Any CPU.Build.0 = Release|Any CPU
		{260A88DE-83EE-4F73-A11C-BDB094F6B5C2}.Debug|Any CPU.ActiveCfg = Debug|Any CPU
		{260A88DE-83EE-4F73-A11C-BDB094F6B5C2}.Debug|Any CPU.Build.0 = Debug|Any CPU
		{260A88DE-83EE-4F73-A11C-BDB094F6B5C2}.Release|Any CPU.ActiveCfg = Release|Any CPU
		{260A88DE-83EE-4F73-A11C-BDB094F6B5C2}.Release|Any CPU.Build.0 = Release|Any CPU
		{D3CCF999-FE4B-4662-A2E9-5E071B7EE864}.Debug|Any CPU.ActiveCfg = Debug|Any CPU
		{D3CCF999-FE4B-4662-A2E9-5E071B7EE864}.Debug|Any CPU.Build.0 = Debug|Any CPU
		{D3CCF999-FE4B-4662-A2E9-5E071B7EE864}.Release|Any CPU.ActiveCfg = Release|Any CPU
		{D3CCF999-FE4B-4662-A2E9-5E071B7EE864}.Release|Any CPU.Build.0 = Release|Any CPU
		{6C1E5AC4-16E6-4FC4-88E4-EB9386E59CA5}.Debug|Any CPU.ActiveCfg = Debug|Any CPU
		{6C1E5AC4-16E6-4FC4-88E4-EB9386E59CA5}.Debug|Any CPU.Build.0 = Debug|Any CPU
		{6C1E5AC4-16E6-4FC4-88E4-EB9386E59CA5}.Release|Any CPU.ActiveCfg = Release|Any CPU
		{6C1E5AC4-16E6-4FC4-88E4-EB9386E59CA5}.Release|Any CPU.Build.0 = Release|Any CPU
		{ED99ECD9-21D1-4F6F-A1E6-A8F285F506D6}.Debug|Any CPU.ActiveCfg = Debug|Any CPU
		{ED99ECD9-21D1-4F6F-A1E6-A8F285F506D6}.Debug|Any CPU.Build.0 = Debug|Any CPU
		{ED99ECD9-21D1-4F6F-A1E6-A8F285F506D6}.Release|Any CPU.ActiveCfg = Release|Any CPU
		{ED99ECD9-21D1-4F6F-A1E6-A8F285F506D6}.Release|Any CPU.Build.0 = Release|Any CPU
		{9C30CA49-D588-4C16-9FD6-C8EDF5D34903}.Debug|Any CPU.ActiveCfg = Debug|Any CPU
		{9C30CA49-D588-4C16-9FD6-C8EDF5D34903}.Debug|Any CPU.Build.0 = Debug|Any CPU
		{9C30CA49-D588-4C16-9FD6-C8EDF5D34903}.Release|Any CPU.ActiveCfg = Release|Any CPU
		{9C30CA49-D588-4C16-9FD6-C8EDF5D34903}.Release|Any CPU.Build.0 = Release|Any CPU
		{D09D3206-3800-4E2B-A564-1D4B57B9AD16}.Debug|Any CPU.ActiveCfg = Debug|Any CPU
		{D09D3206-3800-4E2B-A564-1D4B57B9AD16}.Debug|Any CPU.Build.0 = Debug|Any CPU
		{D09D3206-3800-4E2B-A564-1D4B57B9AD16}.Release|Any CPU.ActiveCfg = Release|Any CPU
		{D09D3206-3800-4E2B-A564-1D4B57B9AD16}.Release|Any CPU.Build.0 = Release|Any CPU
		{25BD5196-CD70-43AF-81A7-B2C69205B9C2}.Debug|Any CPU.ActiveCfg = Debug|Any CPU
		{25BD5196-CD70-43AF-81A7-B2C69205B9C2}.Debug|Any CPU.Build.0 = Debug|Any CPU
		{25BD5196-CD70-43AF-81A7-B2C69205B9C2}.Release|Any CPU.ActiveCfg = Release|Any CPU
		{25BD5196-CD70-43AF-81A7-B2C69205B9C2}.Release|Any CPU.Build.0 = Release|Any CPU
		{82F43862-594F-4742-9230-CE9546F5EC9E}.Debug|Any CPU.ActiveCfg = Debug|Any CPU
		{82F43862-594F-4742-9230-CE9546F5EC9E}.Debug|Any CPU.Build.0 = Debug|Any CPU
		{82F43862-594F-4742-9230-CE9546F5EC9E}.Release|Any CPU.ActiveCfg = Release|Any CPU
		{82F43862-594F-4742-9230-CE9546F5EC9E}.Release|Any CPU.Build.0 = Release|Any CPU
		{252DB8C5-7B0F-4E42-9251-44F22444E7B1}.Debug|Any CPU.ActiveCfg = Debug|Any CPU
		{252DB8C5-7B0F-4E42-9251-44F22444E7B1}.Debug|Any CPU.Build.0 = Debug|Any CPU
		{252DB8C5-7B0F-4E42-9251-44F22444E7B1}.Release|Any CPU.ActiveCfg = Release|Any CPU
		{252DB8C5-7B0F-4E42-9251-44F22444E7B1}.Release|Any CPU.Build.0 = Release|Any CPU
		{F65F2671-3501-4280-8C2A-586430A9E52B}.Debug|Any CPU.ActiveCfg = Debug|Any CPU
		{F65F2671-3501-4280-8C2A-586430A9E52B}.Debug|Any CPU.Build.0 = Debug|Any CPU
		{F65F2671-3501-4280-8C2A-586430A9E52B}.Release|Any CPU.ActiveCfg = Release|Any CPU
		{F65F2671-3501-4280-8C2A-586430A9E52B}.Release|Any CPU.Build.0 = Release|Any CPU
		{8F26E161-D42C-4967-92F2-1ACF695931FC}.Debug|Any CPU.ActiveCfg = Debug|Any CPU
		{8F26E161-D42C-4967-92F2-1ACF695931FC}.Debug|Any CPU.Build.0 = Debug|Any CPU
		{8F26E161-D42C-4967-92F2-1ACF695931FC}.Release|Any CPU.ActiveCfg = Release|Any CPU
		{8F26E161-D42C-4967-92F2-1ACF695931FC}.Release|Any CPU.Build.0 = Release|Any CPU
		{6942FECD-0278-4592-8361-A4D9F0E6CE83}.Debug|Any CPU.ActiveCfg = Debug|Any CPU
		{6942FECD-0278-4592-8361-A4D9F0E6CE83}.Debug|Any CPU.Build.0 = Debug|Any CPU
		{6942FECD-0278-4592-8361-A4D9F0E6CE83}.Release|Any CPU.ActiveCfg = Release|Any CPU
		{6942FECD-0278-4592-8361-A4D9F0E6CE83}.Release|Any CPU.Build.0 = Release|Any CPU
		{38C197EF-703E-4821-9CD5-2B87E944D3CB}.Debug|Any CPU.ActiveCfg = Debug|Any CPU
		{38C197EF-703E-4821-9CD5-2B87E944D3CB}.Debug|Any CPU.Build.0 = Debug|Any CPU
		{38C197EF-703E-4821-9CD5-2B87E944D3CB}.Release|Any CPU.ActiveCfg = Release|Any CPU
		{38C197EF-703E-4821-9CD5-2B87E944D3CB}.Release|Any CPU.Build.0 = Release|Any CPU
		{0C94C3A6-FB31-4E1A-8247-49DF4EEEF7E5}.Debug|Any CPU.ActiveCfg = Debug|Any CPU
		{0C94C3A6-FB31-4E1A-8247-49DF4EEEF7E5}.Debug|Any CPU.Build.0 = Debug|Any CPU
		{0C94C3A6-FB31-4E1A-8247-49DF4EEEF7E5}.Release|Any CPU.ActiveCfg = Release|Any CPU
		{0C94C3A6-FB31-4E1A-8247-49DF4EEEF7E5}.Release|Any CPU.Build.0 = Release|Any CPU
		{C27C0546-309F-4BB9-BF97-D92D25AEF737}.Debug|Any CPU.ActiveCfg = Debug|Any CPU
		{C27C0546-309F-4BB9-BF97-D92D25AEF737}.Debug|Any CPU.Build.0 = Debug|Any CPU
		{C27C0546-309F-4BB9-BF97-D92D25AEF737}.Release|Any CPU.ActiveCfg = Release|Any CPU
		{C27C0546-309F-4BB9-BF97-D92D25AEF737}.Release|Any CPU.Build.0 = Release|Any CPU
		{E4B003CA-21B7-4971-BD71-C2590F1C10BE}.Debug|Any CPU.ActiveCfg = Debug|Any CPU
		{E4B003CA-21B7-4971-BD71-C2590F1C10BE}.Debug|Any CPU.Build.0 = Debug|Any CPU
		{E4B003CA-21B7-4971-BD71-C2590F1C10BE}.Release|Any CPU.ActiveCfg = Release|Any CPU
		{E4B003CA-21B7-4971-BD71-C2590F1C10BE}.Release|Any CPU.Build.0 = Release|Any CPU
		{636ACC89-2BBC-47BC-BC5E-C0493AF4437F}.Debug|Any CPU.ActiveCfg = Debug|Any CPU
		{636ACC89-2BBC-47BC-BC5E-C0493AF4437F}.Debug|Any CPU.Build.0 = Debug|Any CPU
		{636ACC89-2BBC-47BC-BC5E-C0493AF4437F}.Release|Any CPU.ActiveCfg = Release|Any CPU
		{636ACC89-2BBC-47BC-BC5E-C0493AF4437F}.Release|Any CPU.Build.0 = Release|Any CPU
		{3C98538E-4D91-4DA7-9CB8-DABEDA727417}.Debug|Any CPU.ActiveCfg = Debug|Any CPU
		{3C98538E-4D91-4DA7-9CB8-DABEDA727417}.Debug|Any CPU.Build.0 = Debug|Any CPU
		{3C98538E-4D91-4DA7-9CB8-DABEDA727417}.Release|Any CPU.ActiveCfg = Release|Any CPU
		{3C98538E-4D91-4DA7-9CB8-DABEDA727417}.Release|Any CPU.Build.0 = Release|Any CPU
		{FFFE460C-86A5-4F31-8EF5-D7ADC1582FAB}.Debug|Any CPU.ActiveCfg = Debug|Any CPU
		{FFFE460C-86A5-4F31-8EF5-D7ADC1582FAB}.Debug|Any CPU.Build.0 = Debug|Any CPU
		{FFFE460C-86A5-4F31-8EF5-D7ADC1582FAB}.Release|Any CPU.ActiveCfg = Release|Any CPU
		{FFFE460C-86A5-4F31-8EF5-D7ADC1582FAB}.Release|Any CPU.Build.0 = Release|Any CPU
		{561A40DA-B07D-4F7E-966B-0C9478F48B56}.Debug|Any CPU.ActiveCfg = Debug|Any CPU
		{561A40DA-B07D-4F7E-966B-0C9478F48B56}.Debug|Any CPU.Build.0 = Debug|Any CPU
		{561A40DA-B07D-4F7E-966B-0C9478F48B56}.Release|Any CPU.ActiveCfg = Release|Any CPU
		{561A40DA-B07D-4F7E-966B-0C9478F48B56}.Release|Any CPU.Build.0 = Release|Any CPU
		{600B1D9B-E1C4-4677-A439-49AF72D71324}.Debug|Any CPU.ActiveCfg = Debug|Any CPU
		{600B1D9B-E1C4-4677-A439-49AF72D71324}.Debug|Any CPU.Build.0 = Debug|Any CPU
		{600B1D9B-E1C4-4677-A439-49AF72D71324}.Release|Any CPU.ActiveCfg = Release|Any CPU
		{600B1D9B-E1C4-4677-A439-49AF72D71324}.Release|Any CPU.Build.0 = Release|Any CPU
		{3F6F88EE-9734-4A5F-B3A0-36827D5351AD}.Debug|Any CPU.ActiveCfg = Debug|Any CPU
		{3F6F88EE-9734-4A5F-B3A0-36827D5351AD}.Debug|Any CPU.Build.0 = Debug|Any CPU
		{3F6F88EE-9734-4A5F-B3A0-36827D5351AD}.Release|Any CPU.ActiveCfg = Release|Any CPU
		{3F6F88EE-9734-4A5F-B3A0-36827D5351AD}.Release|Any CPU.Build.0 = Release|Any CPU
		{F376EF65-B303-47D8-8823-B6E7C52B4293}.Debug|Any CPU.ActiveCfg = Debug|Any CPU
		{F376EF65-B303-47D8-8823-B6E7C52B4293}.Debug|Any CPU.Build.0 = Debug|Any CPU
		{F376EF65-B303-47D8-8823-B6E7C52B4293}.Release|Any CPU.ActiveCfg = Release|Any CPU
		{F376EF65-B303-47D8-8823-B6E7C52B4293}.Release|Any CPU.Build.0 = Release|Any CPU
		{267C409B-3F86-4A5C-A826-ACCEAD07C101}.Debug|Any CPU.ActiveCfg = Debug|Any CPU
		{267C409B-3F86-4A5C-A826-ACCEAD07C101}.Debug|Any CPU.Build.0 = Debug|Any CPU
		{267C409B-3F86-4A5C-A826-ACCEAD07C101}.Release|Any CPU.ActiveCfg = Release|Any CPU
		{267C409B-3F86-4A5C-A826-ACCEAD07C101}.Release|Any CPU.Build.0 = Release|Any CPU
		{DC089492-5344-4F6D-9152-4AA2017F4F2B}.Debug|Any CPU.ActiveCfg = Debug|Any CPU
		{DC089492-5344-4F6D-9152-4AA2017F4F2B}.Debug|Any CPU.Build.0 = Debug|Any CPU
		{DC089492-5344-4F6D-9152-4AA2017F4F2B}.Release|Any CPU.ActiveCfg = Release|Any CPU
		{DC089492-5344-4F6D-9152-4AA2017F4F2B}.Release|Any CPU.Build.0 = Release|Any CPU
		{99C849D5-44EB-4C7D-8EA8-3EC9F5A3750F}.Debug|Any CPU.ActiveCfg = Debug|Any CPU
		{99C849D5-44EB-4C7D-8EA8-3EC9F5A3750F}.Debug|Any CPU.Build.0 = Debug|Any CPU
		{99C849D5-44EB-4C7D-8EA8-3EC9F5A3750F}.Release|Any CPU.ActiveCfg = Release|Any CPU
		{99C849D5-44EB-4C7D-8EA8-3EC9F5A3750F}.Release|Any CPU.Build.0 = Release|Any CPU
		{314EDE91-BAAC-46C2-9AB9-95FF0412ED78}.Debug|Any CPU.ActiveCfg = Debug|Any CPU
		{314EDE91-BAAC-46C2-9AB9-95FF0412ED78}.Debug|Any CPU.Build.0 = Debug|Any CPU
		{314EDE91-BAAC-46C2-9AB9-95FF0412ED78}.Release|Any CPU.ActiveCfg = Release|Any CPU
		{314EDE91-BAAC-46C2-9AB9-95FF0412ED78}.Release|Any CPU.Build.0 = Release|Any CPU
		{45A3D574-A383-4F48-9392-FCE92C462D58}.Debug|Any CPU.ActiveCfg = Debug|Any CPU
		{45A3D574-A383-4F48-9392-FCE92C462D58}.Debug|Any CPU.Build.0 = Debug|Any CPU
		{45A3D574-A383-4F48-9392-FCE92C462D58}.Release|Any CPU.ActiveCfg = Release|Any CPU
		{45A3D574-A383-4F48-9392-FCE92C462D58}.Release|Any CPU.Build.0 = Release|Any CPU
		{CF6B40BD-215E-4D21-95B5-396759C2BD5E}.Debug|Any CPU.ActiveCfg = Debug|Any CPU
		{CF6B40BD-215E-4D21-95B5-396759C2BD5E}.Debug|Any CPU.Build.0 = Debug|Any CPU
		{CF6B40BD-215E-4D21-95B5-396759C2BD5E}.Release|Any CPU.ActiveCfg = Release|Any CPU
		{CF6B40BD-215E-4D21-95B5-396759C2BD5E}.Release|Any CPU.Build.0 = Release|Any CPU
		{963D0C99-0852-4225-A9C0-22499A133593}.Debug|Any CPU.ActiveCfg = Debug|Any CPU
		{963D0C99-0852-4225-A9C0-22499A133593}.Debug|Any CPU.Build.0 = Debug|Any CPU
		{963D0C99-0852-4225-A9C0-22499A133593}.Release|Any CPU.ActiveCfg = Release|Any CPU
		{963D0C99-0852-4225-A9C0-22499A133593}.Release|Any CPU.Build.0 = Release|Any CPU
		{9884CBFB-35F5-4B24-9741-D60C39CFFD56}.Debug|Any CPU.ActiveCfg = Debug|Any CPU
		{9884CBFB-35F5-4B24-9741-D60C39CFFD56}.Debug|Any CPU.Build.0 = Debug|Any CPU
		{9884CBFB-35F5-4B24-9741-D60C39CFFD56}.Release|Any CPU.ActiveCfg = Release|Any CPU
		{9884CBFB-35F5-4B24-9741-D60C39CFFD56}.Release|Any CPU.Build.0 = Release|Any CPU
		{9066178E-A7F3-4152-9110-43F4F9C13C31}.Debug|Any CPU.ActiveCfg = Debug|Any CPU
		{9066178E-A7F3-4152-9110-43F4F9C13C31}.Debug|Any CPU.Build.0 = Debug|Any CPU
		{9066178E-A7F3-4152-9110-43F4F9C13C31}.Release|Any CPU.ActiveCfg = Release|Any CPU
		{9066178E-A7F3-4152-9110-43F4F9C13C31}.Release|Any CPU.Build.0 = Release|Any CPU
		{CB13F770-F9A7-4A42-9DFC-2C17D5DD23F4}.Debug|Any CPU.ActiveCfg = Debug|Any CPU
		{CB13F770-F9A7-4A42-9DFC-2C17D5DD23F4}.Debug|Any CPU.Build.0 = Debug|Any CPU
		{CB13F770-F9A7-4A42-9DFC-2C17D5DD23F4}.Release|Any CPU.ActiveCfg = Release|Any CPU
		{CB13F770-F9A7-4A42-9DFC-2C17D5DD23F4}.Release|Any CPU.Build.0 = Release|Any CPU
		{DD6D4EA1-6FA1-48D9-8906-C6A8AC86CD97}.Debug|Any CPU.ActiveCfg = Debug|Any CPU
		{DD6D4EA1-6FA1-48D9-8906-C6A8AC86CD97}.Debug|Any CPU.Build.0 = Debug|Any CPU
		{DD6D4EA1-6FA1-48D9-8906-C6A8AC86CD97}.Release|Any CPU.ActiveCfg = Release|Any CPU
		{DD6D4EA1-6FA1-48D9-8906-C6A8AC86CD97}.Release|Any CPU.Build.0 = Release|Any CPU
		{3D917825-5A9A-47A4-A761-38983473A748}.Debug|Any CPU.ActiveCfg = Debug|Any CPU
		{3D917825-5A9A-47A4-A761-38983473A748}.Debug|Any CPU.Build.0 = Debug|Any CPU
		{3D917825-5A9A-47A4-A761-38983473A748}.Release|Any CPU.ActiveCfg = Release|Any CPU
		{3D917825-5A9A-47A4-A761-38983473A748}.Release|Any CPU.Build.0 = Release|Any CPU
		{7DA41487-B15D-45F5-A89A-C4AAC51A2939}.Debug|Any CPU.ActiveCfg = Debug|Any CPU
		{7DA41487-B15D-45F5-A89A-C4AAC51A2939}.Debug|Any CPU.Build.0 = Debug|Any CPU
		{7DA41487-B15D-45F5-A89A-C4AAC51A2939}.Release|Any CPU.ActiveCfg = Release|Any CPU
		{7DA41487-B15D-45F5-A89A-C4AAC51A2939}.Release|Any CPU.Build.0 = Release|Any CPU
		{B67FC047-FCB1-41AA-8029-26C3391D9118}.Debug|Any CPU.ActiveCfg = Debug|Any CPU
		{B67FC047-FCB1-41AA-8029-26C3391D9118}.Debug|Any CPU.Build.0 = Debug|Any CPU
		{B67FC047-FCB1-41AA-8029-26C3391D9118}.Release|Any CPU.ActiveCfg = Release|Any CPU
		{B67FC047-FCB1-41AA-8029-26C3391D9118}.Release|Any CPU.Build.0 = Release|Any CPU
		{549821A5-E557-47C3-AD64-3552E7124749}.Debug|Any CPU.ActiveCfg = Debug|Any CPU
		{549821A5-E557-47C3-AD64-3552E7124749}.Debug|Any CPU.Build.0 = Debug|Any CPU
		{549821A5-E557-47C3-AD64-3552E7124749}.Release|Any CPU.ActiveCfg = Release|Any CPU
		{549821A5-E557-47C3-AD64-3552E7124749}.Release|Any CPU.Build.0 = Release|Any CPU
		{7B5DC423-76E7-4F05-9C49-3E184D4E3C19}.Debug|Any CPU.ActiveCfg = Debug|Any CPU
		{7B5DC423-76E7-4F05-9C49-3E184D4E3C19}.Debug|Any CPU.Build.0 = Debug|Any CPU
		{7B5DC423-76E7-4F05-9C49-3E184D4E3C19}.Release|Any CPU.ActiveCfg = Release|Any CPU
		{7B5DC423-76E7-4F05-9C49-3E184D4E3C19}.Release|Any CPU.Build.0 = Release|Any CPU
		{2A7BCA29-6A5C-4874-AD06-0A614D70632A}.Debug|Any CPU.ActiveCfg = Debug|Any CPU
		{2A7BCA29-6A5C-4874-AD06-0A614D70632A}.Debug|Any CPU.Build.0 = Debug|Any CPU
		{2A7BCA29-6A5C-4874-AD06-0A614D70632A}.Release|Any CPU.ActiveCfg = Release|Any CPU
		{2A7BCA29-6A5C-4874-AD06-0A614D70632A}.Release|Any CPU.Build.0 = Release|Any CPU
		{3B889F9C-3C13-4C23-95FA-86959130AB00}.Debug|Any CPU.ActiveCfg = Debug|Any CPU
		{3B889F9C-3C13-4C23-95FA-86959130AB00}.Debug|Any CPU.Build.0 = Debug|Any CPU
		{3B889F9C-3C13-4C23-95FA-86959130AB00}.Release|Any CPU.ActiveCfg = Release|Any CPU
		{3B889F9C-3C13-4C23-95FA-86959130AB00}.Release|Any CPU.Build.0 = Release|Any CPU
		{D8E2EBE5-39B5-4519-A34B-459728088FE0}.Debug|Any CPU.ActiveCfg = Debug|Any CPU
		{D8E2EBE5-39B5-4519-A34B-459728088FE0}.Debug|Any CPU.Build.0 = Debug|Any CPU
		{D8E2EBE5-39B5-4519-A34B-459728088FE0}.Release|Any CPU.ActiveCfg = Release|Any CPU
		{D8E2EBE5-39B5-4519-A34B-459728088FE0}.Release|Any CPU.Build.0 = Release|Any CPU
		{5F9E56D3-41A7-40AF-8DE0-440F855DB322}.Debug|Any CPU.ActiveCfg = Debug|Any CPU
		{5F9E56D3-41A7-40AF-8DE0-440F855DB322}.Debug|Any CPU.Build.0 = Debug|Any CPU
		{5F9E56D3-41A7-40AF-8DE0-440F855DB322}.Release|Any CPU.ActiveCfg = Release|Any CPU
		{5F9E56D3-41A7-40AF-8DE0-440F855DB322}.Release|Any CPU.Build.0 = Release|Any CPU
		{3BCBA213-F7DD-47C0-B822-7B4E246C03C1}.Debug|Any CPU.ActiveCfg = Debug|Any CPU
		{3BCBA213-F7DD-47C0-B822-7B4E246C03C1}.Debug|Any CPU.Build.0 = Debug|Any CPU
		{3BCBA213-F7DD-47C0-B822-7B4E246C03C1}.Release|Any CPU.ActiveCfg = Release|Any CPU
		{3BCBA213-F7DD-47C0-B822-7B4E246C03C1}.Release|Any CPU.Build.0 = Release|Any CPU
		{940614B8-2B54-4993-8AB5-2DA642786FF2}.Debug|Any CPU.ActiveCfg = Debug|Any CPU
		{940614B8-2B54-4993-8AB5-2DA642786FF2}.Debug|Any CPU.Build.0 = Debug|Any CPU
		{940614B8-2B54-4993-8AB5-2DA642786FF2}.Release|Any CPU.ActiveCfg = Release|Any CPU
		{940614B8-2B54-4993-8AB5-2DA642786FF2}.Release|Any CPU.Build.0 = Release|Any CPU
		{A1A1BC5B-42E3-49A2-A3FA-78CEC3AA9C73}.Debug|Any CPU.ActiveCfg = Debug|Any CPU
		{A1A1BC5B-42E3-49A2-A3FA-78CEC3AA9C73}.Debug|Any CPU.Build.0 = Debug|Any CPU
		{A1A1BC5B-42E3-49A2-A3FA-78CEC3AA9C73}.Release|Any CPU.ActiveCfg = Release|Any CPU
		{A1A1BC5B-42E3-49A2-A3FA-78CEC3AA9C73}.Release|Any CPU.Build.0 = Release|Any CPU
		{2D8C550A-1CCE-4D9C-9521-65287858DE28}.Debug|Any CPU.ActiveCfg = Debug|Any CPU
		{2D8C550A-1CCE-4D9C-9521-65287858DE28}.Debug|Any CPU.Build.0 = Debug|Any CPU
		{2D8C550A-1CCE-4D9C-9521-65287858DE28}.Release|Any CPU.ActiveCfg = Release|Any CPU
		{2D8C550A-1CCE-4D9C-9521-65287858DE28}.Release|Any CPU.Build.0 = Release|Any CPU
		{4FF9272F-4223-4E19-8BBF-313BE49EFF83}.Debug|Any CPU.ActiveCfg = Debug|Any CPU
		{4FF9272F-4223-4E19-8BBF-313BE49EFF83}.Debug|Any CPU.Build.0 = Debug|Any CPU
		{4FF9272F-4223-4E19-8BBF-313BE49EFF83}.Release|Any CPU.ActiveCfg = Release|Any CPU
		{4FF9272F-4223-4E19-8BBF-313BE49EFF83}.Release|Any CPU.Build.0 = Release|Any CPU
		{5C669DE5-9615-4FE0-99F3-A50D856C9BF8}.Debug|Any CPU.ActiveCfg = Debug|Any CPU
		{5C669DE5-9615-4FE0-99F3-A50D856C9BF8}.Debug|Any CPU.Build.0 = Debug|Any CPU
		{5C669DE5-9615-4FE0-99F3-A50D856C9BF8}.Release|Any CPU.ActiveCfg = Release|Any CPU
		{5C669DE5-9615-4FE0-99F3-A50D856C9BF8}.Release|Any CPU.Build.0 = Release|Any CPU
		{ADDA1D85-E3E7-4FCA-BCEE-3A4D11A19CE2}.Debug|Any CPU.ActiveCfg = Debug|Any CPU
		{ADDA1D85-E3E7-4FCA-BCEE-3A4D11A19CE2}.Debug|Any CPU.Build.0 = Debug|Any CPU
		{ADDA1D85-E3E7-4FCA-BCEE-3A4D11A19CE2}.Release|Any CPU.ActiveCfg = Release|Any CPU
		{ADDA1D85-E3E7-4FCA-BCEE-3A4D11A19CE2}.Release|Any CPU.Build.0 = Release|Any CPU
		{76973B79-40C0-4206-87F5-BAD88AA5DDE8}.Debug|Any CPU.ActiveCfg = Debug|Any CPU
		{76973B79-40C0-4206-87F5-BAD88AA5DDE8}.Debug|Any CPU.Build.0 = Debug|Any CPU
		{76973B79-40C0-4206-87F5-BAD88AA5DDE8}.Release|Any CPU.ActiveCfg = Release|Any CPU
		{76973B79-40C0-4206-87F5-BAD88AA5DDE8}.Release|Any CPU.Build.0 = Release|Any CPU
		{A0B75069-948C-4EC6-94A2-0C036E126764}.Debug|Any CPU.ActiveCfg = Debug|Any CPU
		{A0B75069-948C-4EC6-94A2-0C036E126764}.Debug|Any CPU.Build.0 = Debug|Any CPU
		{A0B75069-948C-4EC6-94A2-0C036E126764}.Release|Any CPU.ActiveCfg = Release|Any CPU
		{A0B75069-948C-4EC6-94A2-0C036E126764}.Release|Any CPU.Build.0 = Release|Any CPU
		{B9429D65-B447-4A24-A6CB-4FAD8E8D3936}.Debug|Any CPU.ActiveCfg = Debug|Any CPU
		{B9429D65-B447-4A24-A6CB-4FAD8E8D3936}.Debug|Any CPU.Build.0 = Debug|Any CPU
		{B9429D65-B447-4A24-A6CB-4FAD8E8D3936}.Release|Any CPU.ActiveCfg = Release|Any CPU
		{B9429D65-B447-4A24-A6CB-4FAD8E8D3936}.Release|Any CPU.Build.0 = Release|Any CPU
		{7596C618-1B0A-4E1E-B8A0-8A2B9A2693C6}.Debug|Any CPU.ActiveCfg = Debug|Any CPU
		{7596C618-1B0A-4E1E-B8A0-8A2B9A2693C6}.Debug|Any CPU.Build.0 = Debug|Any CPU
		{7596C618-1B0A-4E1E-B8A0-8A2B9A2693C6}.Release|Any CPU.ActiveCfg = Release|Any CPU
		{7596C618-1B0A-4E1E-B8A0-8A2B9A2693C6}.Release|Any CPU.Build.0 = Release|Any CPU
		{A7477517-AF99-48FF-8792-52A3BF0F6A44}.Debug|Any CPU.ActiveCfg = Debug|Any CPU
		{A7477517-AF99-48FF-8792-52A3BF0F6A44}.Debug|Any CPU.Build.0 = Debug|Any CPU
		{A7477517-AF99-48FF-8792-52A3BF0F6A44}.Release|Any CPU.ActiveCfg = Release|Any CPU
		{A7477517-AF99-48FF-8792-52A3BF0F6A44}.Release|Any CPU.Build.0 = Release|Any CPU
		{7938B8B4-BB8B-486C-9C73-863AE81CCFB8}.Debug|Any CPU.ActiveCfg = Debug|Any CPU
		{7938B8B4-BB8B-486C-9C73-863AE81CCFB8}.Debug|Any CPU.Build.0 = Debug|Any CPU
		{7938B8B4-BB8B-486C-9C73-863AE81CCFB8}.Release|Any CPU.ActiveCfg = Release|Any CPU
		{7938B8B4-BB8B-486C-9C73-863AE81CCFB8}.Release|Any CPU.Build.0 = Release|Any CPU
		{3A036577-2F34-4908-89DA-D6F947AF057E}.Debug|Any CPU.ActiveCfg = Debug|Any CPU
		{3A036577-2F34-4908-89DA-D6F947AF057E}.Debug|Any CPU.Build.0 = Debug|Any CPU
		{3A036577-2F34-4908-89DA-D6F947AF057E}.Release|Any CPU.ActiveCfg = Release|Any CPU
		{3A036577-2F34-4908-89DA-D6F947AF057E}.Release|Any CPU.Build.0 = Release|Any CPU
		{CF91BF61-70B0-48BB-9886-3442EC28E048}.Debug|Any CPU.ActiveCfg = Debug|Any CPU
		{CF91BF61-70B0-48BB-9886-3442EC28E048}.Debug|Any CPU.Build.0 = Debug|Any CPU
		{CF91BF61-70B0-48BB-9886-3442EC28E048}.Release|Any CPU.ActiveCfg = Release|Any CPU
		{CF91BF61-70B0-48BB-9886-3442EC28E048}.Release|Any CPU.Build.0 = Release|Any CPU
		{8898FB99-76CC-40D7-8142-50DADB200A56}.Debug|Any CPU.ActiveCfg = Debug|Any CPU
		{8898FB99-76CC-40D7-8142-50DADB200A56}.Debug|Any CPU.Build.0 = Debug|Any CPU
		{8898FB99-76CC-40D7-8142-50DADB200A56}.Release|Any CPU.ActiveCfg = Release|Any CPU
		{8898FB99-76CC-40D7-8142-50DADB200A56}.Release|Any CPU.Build.0 = Release|Any CPU
		{D833036B-BE69-47BE-AFA3-DB2CACF9F8BE}.Debug|Any CPU.ActiveCfg = Debug|Any CPU
		{D833036B-BE69-47BE-AFA3-DB2CACF9F8BE}.Debug|Any CPU.Build.0 = Debug|Any CPU
		{D833036B-BE69-47BE-AFA3-DB2CACF9F8BE}.Release|Any CPU.ActiveCfg = Release|Any CPU
		{D833036B-BE69-47BE-AFA3-DB2CACF9F8BE}.Release|Any CPU.Build.0 = Release|Any CPU
		{66F2F04B-9BCB-460B-AC39-238BB3E2A583}.Debug|Any CPU.ActiveCfg = Debug|Any CPU
		{66F2F04B-9BCB-460B-AC39-238BB3E2A583}.Debug|Any CPU.Build.0 = Debug|Any CPU
		{66F2F04B-9BCB-460B-AC39-238BB3E2A583}.Release|Any CPU.ActiveCfg = Release|Any CPU
		{66F2F04B-9BCB-460B-AC39-238BB3E2A583}.Release|Any CPU.Build.0 = Release|Any CPU
		{293E9380-CC99-4B94-B156-5D6746F21038}.Debug|Any CPU.ActiveCfg = Debug|Any CPU
		{293E9380-CC99-4B94-B156-5D6746F21038}.Debug|Any CPU.Build.0 = Debug|Any CPU
		{293E9380-CC99-4B94-B156-5D6746F21038}.Release|Any CPU.ActiveCfg = Release|Any CPU
		{293E9380-CC99-4B94-B156-5D6746F21038}.Release|Any CPU.Build.0 = Release|Any CPU
		{2BD4F40B-F7FD-4FDF-AEEB-B4444749FD28}.Debug|Any CPU.ActiveCfg = Debug|Any CPU
		{2BD4F40B-F7FD-4FDF-AEEB-B4444749FD28}.Debug|Any CPU.Build.0 = Debug|Any CPU
		{2BD4F40B-F7FD-4FDF-AEEB-B4444749FD28}.Release|Any CPU.ActiveCfg = Release|Any CPU
		{2BD4F40B-F7FD-4FDF-AEEB-B4444749FD28}.Release|Any CPU.Build.0 = Release|Any CPU
		{B53C1F64-7529-4139-A3BF-8D8CE559F506}.Debug|Any CPU.ActiveCfg = Debug|Any CPU
		{B53C1F64-7529-4139-A3BF-8D8CE559F506}.Debug|Any CPU.Build.0 = Debug|Any CPU
		{B53C1F64-7529-4139-A3BF-8D8CE559F506}.Release|Any CPU.ActiveCfg = Release|Any CPU
		{B53C1F64-7529-4139-A3BF-8D8CE559F506}.Release|Any CPU.Build.0 = Release|Any CPU
		{22D3CF4F-BA01-415C-83FF-67637EBCEBBC}.Debug|Any CPU.ActiveCfg = Debug|Any CPU
		{22D3CF4F-BA01-415C-83FF-67637EBCEBBC}.Debug|Any CPU.Build.0 = Debug|Any CPU
		{22D3CF4F-BA01-415C-83FF-67637EBCEBBC}.Release|Any CPU.ActiveCfg = Release|Any CPU
		{22D3CF4F-BA01-415C-83FF-67637EBCEBBC}.Release|Any CPU.Build.0 = Release|Any CPU
		{45F4AF50-B403-4882-9DCE-83C21F9E0781}.Debug|Any CPU.ActiveCfg = Debug|Any CPU
		{45F4AF50-B403-4882-9DCE-83C21F9E0781}.Debug|Any CPU.Build.0 = Debug|Any CPU
		{45F4AF50-B403-4882-9DCE-83C21F9E0781}.Release|Any CPU.ActiveCfg = Release|Any CPU
		{45F4AF50-B403-4882-9DCE-83C21F9E0781}.Release|Any CPU.Build.0 = Release|Any CPU
		{2165EA12-2135-4D7B-9387-A986388018B0}.Debug|Any CPU.ActiveCfg = Debug|Any CPU
		{2165EA12-2135-4D7B-9387-A986388018B0}.Debug|Any CPU.Build.0 = Debug|Any CPU
		{2165EA12-2135-4D7B-9387-A986388018B0}.Release|Any CPU.ActiveCfg = Release|Any CPU
		{2165EA12-2135-4D7B-9387-A986388018B0}.Release|Any CPU.Build.0 = Release|Any CPU
		{9B4A5EF3-4CF4-419D-9BA1-7BF8B85B34B1}.Debug|Any CPU.ActiveCfg = Debug|Any CPU
		{9B4A5EF3-4CF4-419D-9BA1-7BF8B85B34B1}.Debug|Any CPU.Build.0 = Debug|Any CPU
		{9B4A5EF3-4CF4-419D-9BA1-7BF8B85B34B1}.Release|Any CPU.ActiveCfg = Release|Any CPU
		{9B4A5EF3-4CF4-419D-9BA1-7BF8B85B34B1}.Release|Any CPU.Build.0 = Release|Any CPU
		{9A0CF1BE-64E8-4A9A-ABB6-EC5E5A454A5B}.Debug|Any CPU.ActiveCfg = Debug|Any CPU
		{9A0CF1BE-64E8-4A9A-ABB6-EC5E5A454A5B}.Debug|Any CPU.Build.0 = Debug|Any CPU
		{9A0CF1BE-64E8-4A9A-ABB6-EC5E5A454A5B}.Release|Any CPU.ActiveCfg = Release|Any CPU
		{9A0CF1BE-64E8-4A9A-ABB6-EC5E5A454A5B}.Release|Any CPU.Build.0 = Release|Any CPU
		{E3768FD2-D6EF-4C33-B72B-504C444E5E7E}.Debug|Any CPU.ActiveCfg = Debug|Any CPU
		{E3768FD2-D6EF-4C33-B72B-504C444E5E7E}.Debug|Any CPU.Build.0 = Debug|Any CPU
		{E3768FD2-D6EF-4C33-B72B-504C444E5E7E}.Release|Any CPU.ActiveCfg = Release|Any CPU
		{E3768FD2-D6EF-4C33-B72B-504C444E5E7E}.Release|Any CPU.Build.0 = Release|Any CPU
		{27E23827-CA2E-4B5F-AAF4-3B7631091ED1}.Debug|Any CPU.ActiveCfg = Debug|Any CPU
		{27E23827-CA2E-4B5F-AAF4-3B7631091ED1}.Debug|Any CPU.Build.0 = Debug|Any CPU
		{27E23827-CA2E-4B5F-AAF4-3B7631091ED1}.Release|Any CPU.ActiveCfg = Release|Any CPU
		{27E23827-CA2E-4B5F-AAF4-3B7631091ED1}.Release|Any CPU.Build.0 = Release|Any CPU
		{29FF089B-0802-46C8-B3D8-95C10E7118A6}.Debug|Any CPU.ActiveCfg = Debug|Any CPU
		{29FF089B-0802-46C8-B3D8-95C10E7118A6}.Debug|Any CPU.Build.0 = Debug|Any CPU
		{29FF089B-0802-46C8-B3D8-95C10E7118A6}.Release|Any CPU.ActiveCfg = Release|Any CPU
		{29FF089B-0802-46C8-B3D8-95C10E7118A6}.Release|Any CPU.Build.0 = Release|Any CPU
		{5A5EFFAD-3516-4C16-8694-8CA09B9B452E}.Debug|Any CPU.ActiveCfg = Debug|Any CPU
		{5A5EFFAD-3516-4C16-8694-8CA09B9B452E}.Debug|Any CPU.Build.0 = Debug|Any CPU
		{5A5EFFAD-3516-4C16-8694-8CA09B9B452E}.Release|Any CPU.ActiveCfg = Release|Any CPU
		{5A5EFFAD-3516-4C16-8694-8CA09B9B452E}.Release|Any CPU.Build.0 = Release|Any CPU
		{61D01D84-49A1-4337-AFB6-DCC3F3D9935B}.Debug|Any CPU.ActiveCfg = Debug|Any CPU
		{61D01D84-49A1-4337-AFB6-DCC3F3D9935B}.Debug|Any CPU.Build.0 = Debug|Any CPU
		{61D01D84-49A1-4337-AFB6-DCC3F3D9935B}.Release|Any CPU.ActiveCfg = Release|Any CPU
		{61D01D84-49A1-4337-AFB6-DCC3F3D9935B}.Release|Any CPU.Build.0 = Release|Any CPU
		{A603B929-269C-4992-A5E0-E6DD2012E1EF}.Debug|Any CPU.ActiveCfg = Debug|Any CPU
		{A603B929-269C-4992-A5E0-E6DD2012E1EF}.Debug|Any CPU.Build.0 = Debug|Any CPU
		{A603B929-269C-4992-A5E0-E6DD2012E1EF}.Release|Any CPU.ActiveCfg = Release|Any CPU
		{A603B929-269C-4992-A5E0-E6DD2012E1EF}.Release|Any CPU.Build.0 = Release|Any CPU
		{F12DFDA3-18CC-41F9-92FD-07832E67A54F}.Debug|Any CPU.ActiveCfg = Debug|Any CPU
		{F12DFDA3-18CC-41F9-92FD-07832E67A54F}.Debug|Any CPU.Build.0 = Debug|Any CPU
		{F12DFDA3-18CC-41F9-92FD-07832E67A54F}.Release|Any CPU.ActiveCfg = Release|Any CPU
		{F12DFDA3-18CC-41F9-92FD-07832E67A54F}.Release|Any CPU.Build.0 = Release|Any CPU
		{A9DF8FFE-9ED1-4EB6-89CA-5583E0CFB931}.Debug|Any CPU.ActiveCfg = Debug|Any CPU
		{A9DF8FFE-9ED1-4EB6-89CA-5583E0CFB931}.Debug|Any CPU.Build.0 = Debug|Any CPU
		{A9DF8FFE-9ED1-4EB6-89CA-5583E0CFB931}.Release|Any CPU.ActiveCfg = Release|Any CPU
		{A9DF8FFE-9ED1-4EB6-89CA-5583E0CFB931}.Release|Any CPU.Build.0 = Release|Any CPU
		{214CCA72-54E4-4399-AD18-598EC454E23F}.Debug|Any CPU.ActiveCfg = Debug|Any CPU
		{214CCA72-54E4-4399-AD18-598EC454E23F}.Debug|Any CPU.Build.0 = Debug|Any CPU
		{214CCA72-54E4-4399-AD18-598EC454E23F}.Release|Any CPU.ActiveCfg = Release|Any CPU
		{214CCA72-54E4-4399-AD18-598EC454E23F}.Release|Any CPU.Build.0 = Release|Any CPU
		{59C7C0F4-3890-4EB9-85BB-526D9B1B6046}.Debug|Any CPU.ActiveCfg = Debug|Any CPU
		{59C7C0F4-3890-4EB9-85BB-526D9B1B6046}.Debug|Any CPU.Build.0 = Debug|Any CPU
		{59C7C0F4-3890-4EB9-85BB-526D9B1B6046}.Release|Any CPU.ActiveCfg = Release|Any CPU
		{59C7C0F4-3890-4EB9-85BB-526D9B1B6046}.Release|Any CPU.Build.0 = Release|Any CPU
		{0AE4CFF9-E55E-4DCF-8606-03F5D46647C0}.Debug|Any CPU.ActiveCfg = Debug|Any CPU
		{0AE4CFF9-E55E-4DCF-8606-03F5D46647C0}.Debug|Any CPU.Build.0 = Debug|Any CPU
		{0AE4CFF9-E55E-4DCF-8606-03F5D46647C0}.Release|Any CPU.ActiveCfg = Release|Any CPU
		{0AE4CFF9-E55E-4DCF-8606-03F5D46647C0}.Release|Any CPU.Build.0 = Release|Any CPU
		{A7F4F8A6-B650-48CD-B838-6F69300E6C2E}.Debug|Any CPU.ActiveCfg = Debug|Any CPU
		{A7F4F8A6-B650-48CD-B838-6F69300E6C2E}.Debug|Any CPU.Build.0 = Debug|Any CPU
		{A7F4F8A6-B650-48CD-B838-6F69300E6C2E}.Release|Any CPU.ActiveCfg = Release|Any CPU
		{A7F4F8A6-B650-48CD-B838-6F69300E6C2E}.Release|Any CPU.Build.0 = Release|Any CPU
		{9CC206F1-064E-49A9-99BD-97EAEE42A2A5}.Debug|Any CPU.ActiveCfg = Debug|Any CPU
		{9CC206F1-064E-49A9-99BD-97EAEE42A2A5}.Debug|Any CPU.Build.0 = Debug|Any CPU
		{9CC206F1-064E-49A9-99BD-97EAEE42A2A5}.Release|Any CPU.ActiveCfg = Release|Any CPU
		{9CC206F1-064E-49A9-99BD-97EAEE42A2A5}.Release|Any CPU.Build.0 = Release|Any CPU
		{F7974F37-17D4-409D-B4E2-8ED995AA6D94}.Debug|Any CPU.ActiveCfg = Debug|Any CPU
		{F7974F37-17D4-409D-B4E2-8ED995AA6D94}.Debug|Any CPU.Build.0 = Debug|Any CPU
		{F7974F37-17D4-409D-B4E2-8ED995AA6D94}.Release|Any CPU.ActiveCfg = Release|Any CPU
		{F7974F37-17D4-409D-B4E2-8ED995AA6D94}.Release|Any CPU.Build.0 = Release|Any CPU
		{77948BA0-F649-4692-892F-C5767C6D72E3}.Debug|Any CPU.ActiveCfg = Debug|Any CPU
		{77948BA0-F649-4692-892F-C5767C6D72E3}.Debug|Any CPU.Build.0 = Debug|Any CPU
		{77948BA0-F649-4692-892F-C5767C6D72E3}.Release|Any CPU.ActiveCfg = Release|Any CPU
		{77948BA0-F649-4692-892F-C5767C6D72E3}.Release|Any CPU.Build.0 = Release|Any CPU
		{5FB6483A-DED2-47D3-B3C4-132DCF517261}.Debug|Any CPU.ActiveCfg = Debug|Any CPU
		{5FB6483A-DED2-47D3-B3C4-132DCF517261}.Debug|Any CPU.Build.0 = Debug|Any CPU
		{5FB6483A-DED2-47D3-B3C4-132DCF517261}.Release|Any CPU.ActiveCfg = Release|Any CPU
		{5FB6483A-DED2-47D3-B3C4-132DCF517261}.Release|Any CPU.Build.0 = Release|Any CPU
		{FA26A6ED-A260-44AD-9A66-1A534BFCBBC7}.Debug|Any CPU.ActiveCfg = Debug|Any CPU
		{FA26A6ED-A260-44AD-9A66-1A534BFCBBC7}.Debug|Any CPU.Build.0 = Debug|Any CPU
		{FA26A6ED-A260-44AD-9A66-1A534BFCBBC7}.Release|Any CPU.ActiveCfg = Release|Any CPU
		{FA26A6ED-A260-44AD-9A66-1A534BFCBBC7}.Release|Any CPU.Build.0 = Release|Any CPU
		{DEE3118F-6054-40F2-B48A-965F2AFDAD4F}.Debug|Any CPU.ActiveCfg = Debug|Any CPU
		{DEE3118F-6054-40F2-B48A-965F2AFDAD4F}.Debug|Any CPU.Build.0 = Debug|Any CPU
		{DEE3118F-6054-40F2-B48A-965F2AFDAD4F}.Release|Any CPU.ActiveCfg = Release|Any CPU
		{DEE3118F-6054-40F2-B48A-965F2AFDAD4F}.Release|Any CPU.Build.0 = Release|Any CPU
		{97E8008A-750C-453D-8781-3A1D3BAD39BB}.Debug|Any CPU.ActiveCfg = Debug|Any CPU
		{97E8008A-750C-453D-8781-3A1D3BAD39BB}.Debug|Any CPU.Build.0 = Debug|Any CPU
		{97E8008A-750C-453D-8781-3A1D3BAD39BB}.Release|Any CPU.ActiveCfg = Release|Any CPU
		{97E8008A-750C-453D-8781-3A1D3BAD39BB}.Release|Any CPU.Build.0 = Release|Any CPU
		{AB2F2A86-EAD6-47B3-A2C0-1F0F6DEECED4}.Debug|Any CPU.ActiveCfg = Debug|Any CPU
		{AB2F2A86-EAD6-47B3-A2C0-1F0F6DEECED4}.Debug|Any CPU.Build.0 = Debug|Any CPU
		{AB2F2A86-EAD6-47B3-A2C0-1F0F6DEECED4}.Release|Any CPU.ActiveCfg = Release|Any CPU
		{AB2F2A86-EAD6-47B3-A2C0-1F0F6DEECED4}.Release|Any CPU.Build.0 = Release|Any CPU
		{43C594BC-1FE1-4227-86B2-A49EEEA468BF}.Debug|Any CPU.ActiveCfg = Debug|Any CPU
		{43C594BC-1FE1-4227-86B2-A49EEEA468BF}.Debug|Any CPU.Build.0 = Debug|Any CPU
		{43C594BC-1FE1-4227-86B2-A49EEEA468BF}.Release|Any CPU.ActiveCfg = Release|Any CPU
		{43C594BC-1FE1-4227-86B2-A49EEEA468BF}.Release|Any CPU.Build.0 = Release|Any CPU
		{9F73DBCA-1C1E-4DDE-BAE6-B04562748611}.Debug|Any CPU.ActiveCfg = Debug|Any CPU
		{9F73DBCA-1C1E-4DDE-BAE6-B04562748611}.Debug|Any CPU.Build.0 = Debug|Any CPU
		{9F73DBCA-1C1E-4DDE-BAE6-B04562748611}.Release|Any CPU.ActiveCfg = Release|Any CPU
		{9F73DBCA-1C1E-4DDE-BAE6-B04562748611}.Release|Any CPU.Build.0 = Release|Any CPU
		{958F9322-BD67-48F4-8AD8-629CA7AFEAA3}.Debug|Any CPU.ActiveCfg = Debug|Any CPU
		{958F9322-BD67-48F4-8AD8-629CA7AFEAA3}.Debug|Any CPU.Build.0 = Debug|Any CPU
		{958F9322-BD67-48F4-8AD8-629CA7AFEAA3}.Release|Any CPU.ActiveCfg = Release|Any CPU
		{958F9322-BD67-48F4-8AD8-629CA7AFEAA3}.Release|Any CPU.Build.0 = Release|Any CPU
		{5F66A07C-FD3A-4C6D-8B18-4E438B8CDA45}.Debug|Any CPU.ActiveCfg = Debug|Any CPU
		{5F66A07C-FD3A-4C6D-8B18-4E438B8CDA45}.Debug|Any CPU.Build.0 = Debug|Any CPU
		{5F66A07C-FD3A-4C6D-8B18-4E438B8CDA45}.Release|Any CPU.ActiveCfg = Release|Any CPU
		{5F66A07C-FD3A-4C6D-8B18-4E438B8CDA45}.Release|Any CPU.Build.0 = Release|Any CPU
		{80396E93-4152-4FF8-A245-0D0CC6894BA9}.Debug|Any CPU.ActiveCfg = Debug|Any CPU
		{80396E93-4152-4FF8-A245-0D0CC6894BA9}.Debug|Any CPU.Build.0 = Debug|Any CPU
		{80396E93-4152-4FF8-A245-0D0CC6894BA9}.Release|Any CPU.ActiveCfg = Release|Any CPU
		{80396E93-4152-4FF8-A245-0D0CC6894BA9}.Release|Any CPU.Build.0 = Release|Any CPU
		{D45B3455-6776-4C58-9123-B14230A42EC5}.Debug|Any CPU.ActiveCfg = Debug|Any CPU
		{D45B3455-6776-4C58-9123-B14230A42EC5}.Debug|Any CPU.Build.0 = Debug|Any CPU
		{D45B3455-6776-4C58-9123-B14230A42EC5}.Release|Any CPU.ActiveCfg = Release|Any CPU
		{D45B3455-6776-4C58-9123-B14230A42EC5}.Release|Any CPU.Build.0 = Release|Any CPU
		{93DD1E00-BF92-462C-9FE9-AD55640EB4A5}.Debug|Any CPU.ActiveCfg = Debug|Any CPU
		{93DD1E00-BF92-462C-9FE9-AD55640EB4A5}.Debug|Any CPU.Build.0 = Debug|Any CPU
		{93DD1E00-BF92-462C-9FE9-AD55640EB4A5}.Release|Any CPU.ActiveCfg = Release|Any CPU
		{93DD1E00-BF92-462C-9FE9-AD55640EB4A5}.Release|Any CPU.Build.0 = Release|Any CPU
		{0D9CC307-90DE-4C1A-AF5C-782B072FB33C}.Debug|Any CPU.ActiveCfg = Debug|Any CPU
		{0D9CC307-90DE-4C1A-AF5C-782B072FB33C}.Debug|Any CPU.Build.0 = Debug|Any CPU
		{0D9CC307-90DE-4C1A-AF5C-782B072FB33C}.Release|Any CPU.ActiveCfg = Release|Any CPU
		{0D9CC307-90DE-4C1A-AF5C-782B072FB33C}.Release|Any CPU.Build.0 = Release|Any CPU
		{0C7EF242-7B0D-4010-96F9-00253FE51A4D}.Debug|Any CPU.ActiveCfg = Debug|Any CPU
		{0C7EF242-7B0D-4010-96F9-00253FE51A4D}.Debug|Any CPU.Build.0 = Debug|Any CPU
		{0C7EF242-7B0D-4010-96F9-00253FE51A4D}.Release|Any CPU.ActiveCfg = Release|Any CPU
		{0C7EF242-7B0D-4010-96F9-00253FE51A4D}.Release|Any CPU.Build.0 = Release|Any CPU
		{D6E3DF5F-E623-41CD-866E-E0179D2D0401}.Debug|Any CPU.ActiveCfg = Debug|Any CPU
		{D6E3DF5F-E623-41CD-866E-E0179D2D0401}.Debug|Any CPU.Build.0 = Debug|Any CPU
		{D6E3DF5F-E623-41CD-866E-E0179D2D0401}.Release|Any CPU.ActiveCfg = Release|Any CPU
		{D6E3DF5F-E623-41CD-866E-E0179D2D0401}.Release|Any CPU.Build.0 = Release|Any CPU
		{7BCAD616-B826-41B3-948E-0F819A6D4B19}.Debug|Any CPU.ActiveCfg = Debug|Any CPU
		{7BCAD616-B826-41B3-948E-0F819A6D4B19}.Debug|Any CPU.Build.0 = Debug|Any CPU
		{7BCAD616-B826-41B3-948E-0F819A6D4B19}.Release|Any CPU.ActiveCfg = Release|Any CPU
		{7BCAD616-B826-41B3-948E-0F819A6D4B19}.Release|Any CPU.Build.0 = Release|Any CPU
		{0B5ABC30-1DA7-4AB3-9700-195478C9D649}.Debug|Any CPU.ActiveCfg = Debug|Any CPU
		{0B5ABC30-1DA7-4AB3-9700-195478C9D649}.Debug|Any CPU.Build.0 = Debug|Any CPU
		{0B5ABC30-1DA7-4AB3-9700-195478C9D649}.Release|Any CPU.ActiveCfg = Release|Any CPU
		{0B5ABC30-1DA7-4AB3-9700-195478C9D649}.Release|Any CPU.Build.0 = Release|Any CPU
		{3805D91D-E5F2-4B25-8A5D-A2166E1174B0}.Debug|Any CPU.ActiveCfg = Debug|Any CPU
		{3805D91D-E5F2-4B25-8A5D-A2166E1174B0}.Debug|Any CPU.Build.0 = Debug|Any CPU
		{3805D91D-E5F2-4B25-8A5D-A2166E1174B0}.Release|Any CPU.ActiveCfg = Release|Any CPU
		{3805D91D-E5F2-4B25-8A5D-A2166E1174B0}.Release|Any CPU.Build.0 = Release|Any CPU
		{5852E3D0-CBA1-4BF3-B9A7-DBEE572FC8AD}.Debug|Any CPU.ActiveCfg = Debug|Any CPU
		{5852E3D0-CBA1-4BF3-B9A7-DBEE572FC8AD}.Debug|Any CPU.Build.0 = Debug|Any CPU
		{5852E3D0-CBA1-4BF3-B9A7-DBEE572FC8AD}.Release|Any CPU.ActiveCfg = Release|Any CPU
		{5852E3D0-CBA1-4BF3-B9A7-DBEE572FC8AD}.Release|Any CPU.Build.0 = Release|Any CPU
		{D2B23F72-2475-4069-874E-70DD50BBF4B6}.Debug|Any CPU.ActiveCfg = Debug|Any CPU
		{D2B23F72-2475-4069-874E-70DD50BBF4B6}.Debug|Any CPU.Build.0 = Debug|Any CPU
		{D2B23F72-2475-4069-874E-70DD50BBF4B6}.Release|Any CPU.ActiveCfg = Release|Any CPU
		{D2B23F72-2475-4069-874E-70DD50BBF4B6}.Release|Any CPU.Build.0 = Release|Any CPU
		{FFE95646-B29D-48C0-A6D9-4A48A069CA2C}.Debug|Any CPU.ActiveCfg = Debug|Any CPU
		{FFE95646-B29D-48C0-A6D9-4A48A069CA2C}.Debug|Any CPU.Build.0 = Debug|Any CPU
		{FFE95646-B29D-48C0-A6D9-4A48A069CA2C}.Release|Any CPU.ActiveCfg = Release|Any CPU
		{FFE95646-B29D-48C0-A6D9-4A48A069CA2C}.Release|Any CPU.Build.0 = Release|Any CPU
		{D974C5F6-2A1D-49AF-B2B1-49C907B298D9}.Debug|Any CPU.ActiveCfg = Debug|Any CPU
		{D974C5F6-2A1D-49AF-B2B1-49C907B298D9}.Debug|Any CPU.Build.0 = Debug|Any CPU
		{D974C5F6-2A1D-49AF-B2B1-49C907B298D9}.Release|Any CPU.ActiveCfg = Release|Any CPU
		{D974C5F6-2A1D-49AF-B2B1-49C907B298D9}.Release|Any CPU.Build.0 = Release|Any CPU
		{17376350-44F3-48BC-8D6D-064A5308F6D9}.Debug|Any CPU.ActiveCfg = Debug|Any CPU
		{17376350-44F3-48BC-8D6D-064A5308F6D9}.Debug|Any CPU.Build.0 = Debug|Any CPU
		{17376350-44F3-48BC-8D6D-064A5308F6D9}.Release|Any CPU.ActiveCfg = Release|Any CPU
		{17376350-44F3-48BC-8D6D-064A5308F6D9}.Release|Any CPU.Build.0 = Release|Any CPU
		{19C8D2A2-4DB5-4224-A512-0996C1E314F5}.Debug|Any CPU.ActiveCfg = Debug|Any CPU
		{19C8D2A2-4DB5-4224-A512-0996C1E314F5}.Debug|Any CPU.Build.0 = Debug|Any CPU
		{19C8D2A2-4DB5-4224-A512-0996C1E314F5}.Release|Any CPU.ActiveCfg = Release|Any CPU
		{19C8D2A2-4DB5-4224-A512-0996C1E314F5}.Release|Any CPU.Build.0 = Release|Any CPU
		{781C5FB1-CFB6-46F9-8C71-AEE2DC6DCC4C}.Debug|Any CPU.ActiveCfg = Debug|Any CPU
		{781C5FB1-CFB6-46F9-8C71-AEE2DC6DCC4C}.Debug|Any CPU.Build.0 = Debug|Any CPU
		{781C5FB1-CFB6-46F9-8C71-AEE2DC6DCC4C}.Release|Any CPU.ActiveCfg = Release|Any CPU
		{781C5FB1-CFB6-46F9-8C71-AEE2DC6DCC4C}.Release|Any CPU.Build.0 = Release|Any CPU
		{7DC89198-F6B3-4F26-BEC8-A9DDBABEECE3}.Debug|Any CPU.ActiveCfg = Debug|Any CPU
		{7DC89198-F6B3-4F26-BEC8-A9DDBABEECE3}.Debug|Any CPU.Build.0 = Debug|Any CPU
		{7DC89198-F6B3-4F26-BEC8-A9DDBABEECE3}.Release|Any CPU.ActiveCfg = Release|Any CPU
		{7DC89198-F6B3-4F26-BEC8-A9DDBABEECE3}.Release|Any CPU.Build.0 = Release|Any CPU
		{BCCD68FD-F272-4CA8-B672-BE0B401C7139}.Debug|Any CPU.ActiveCfg = Debug|Any CPU
		{BCCD68FD-F272-4CA8-B672-BE0B401C7139}.Debug|Any CPU.Build.0 = Debug|Any CPU
		{BCCD68FD-F272-4CA8-B672-BE0B401C7139}.Release|Any CPU.ActiveCfg = Release|Any CPU
		{BCCD68FD-F272-4CA8-B672-BE0B401C7139}.Release|Any CPU.Build.0 = Release|Any CPU
		{5A8D87F1-0712-499D-AE33-910C86988318}.Debug|Any CPU.ActiveCfg = Debug|Any CPU
		{5A8D87F1-0712-499D-AE33-910C86988318}.Debug|Any CPU.Build.0 = Debug|Any CPU
		{5A8D87F1-0712-499D-AE33-910C86988318}.Release|Any CPU.ActiveCfg = Release|Any CPU
		{5A8D87F1-0712-499D-AE33-910C86988318}.Release|Any CPU.Build.0 = Release|Any CPU
		{FDCE46F1-505C-4BE0-A306-381212098C6B}.Debug|Any CPU.ActiveCfg = Debug|Any CPU
		{FDCE46F1-505C-4BE0-A306-381212098C6B}.Debug|Any CPU.Build.0 = Debug|Any CPU
		{FDCE46F1-505C-4BE0-A306-381212098C6B}.Release|Any CPU.ActiveCfg = Release|Any CPU
		{FDCE46F1-505C-4BE0-A306-381212098C6B}.Release|Any CPU.Build.0 = Release|Any CPU
		{B417EBD0-A597-4C1A-A12C-B7C657F70A16}.Debug|Any CPU.ActiveCfg = Debug|Any CPU
		{B417EBD0-A597-4C1A-A12C-B7C657F70A16}.Debug|Any CPU.Build.0 = Debug|Any CPU
		{B417EBD0-A597-4C1A-A12C-B7C657F70A16}.Release|Any CPU.ActiveCfg = Release|Any CPU
		{B417EBD0-A597-4C1A-A12C-B7C657F70A16}.Release|Any CPU.Build.0 = Release|Any CPU
		{2C4DDCB5-E2BA-438A-AEE3-0E76A1B5DF05}.Debug|Any CPU.ActiveCfg = Debug|Any CPU
		{2C4DDCB5-E2BA-438A-AEE3-0E76A1B5DF05}.Debug|Any CPU.Build.0 = Debug|Any CPU
		{2C4DDCB5-E2BA-438A-AEE3-0E76A1B5DF05}.Release|Any CPU.ActiveCfg = Release|Any CPU
		{2C4DDCB5-E2BA-438A-AEE3-0E76A1B5DF05}.Release|Any CPU.Build.0 = Release|Any CPU
		{80D5D65D-608F-4CF3-9BC9-05816D54E202}.Debug|Any CPU.ActiveCfg = Debug|Any CPU
		{80D5D65D-608F-4CF3-9BC9-05816D54E202}.Debug|Any CPU.Build.0 = Debug|Any CPU
		{80D5D65D-608F-4CF3-9BC9-05816D54E202}.Release|Any CPU.ActiveCfg = Release|Any CPU
		{80D5D65D-608F-4CF3-9BC9-05816D54E202}.Release|Any CPU.Build.0 = Release|Any CPU
		{A3245CE2-1AB9-4CFD-A81B-BEA226280810}.Debug|Any CPU.ActiveCfg = Debug|Any CPU
		{A3245CE2-1AB9-4CFD-A81B-BEA226280810}.Debug|Any CPU.Build.0 = Debug|Any CPU
		{A3245CE2-1AB9-4CFD-A81B-BEA226280810}.Release|Any CPU.ActiveCfg = Release|Any CPU
		{A3245CE2-1AB9-4CFD-A81B-BEA226280810}.Release|Any CPU.Build.0 = Release|Any CPU
		{D6B854B8-6F46-416E-9E6D-5AC695D0214A}.Debug|Any CPU.ActiveCfg = Debug|Any CPU
		{D6B854B8-6F46-416E-9E6D-5AC695D0214A}.Debug|Any CPU.Build.0 = Debug|Any CPU
		{D6B854B8-6F46-416E-9E6D-5AC695D0214A}.Release|Any CPU.ActiveCfg = Release|Any CPU
		{D6B854B8-6F46-416E-9E6D-5AC695D0214A}.Release|Any CPU.Build.0 = Release|Any CPU
		{A90260B4-4A2C-49AB-AF87-7A111FA6FF60}.Debug|Any CPU.ActiveCfg = Debug|Any CPU
		{A90260B4-4A2C-49AB-AF87-7A111FA6FF60}.Debug|Any CPU.Build.0 = Debug|Any CPU
		{A90260B4-4A2C-49AB-AF87-7A111FA6FF60}.Release|Any CPU.ActiveCfg = Release|Any CPU
		{A90260B4-4A2C-49AB-AF87-7A111FA6FF60}.Release|Any CPU.Build.0 = Release|Any CPU
		{D6E284F9-C123-429F-8976-0EF696965A7F}.Debug|Any CPU.ActiveCfg = Debug|Any CPU
		{D6E284F9-C123-429F-8976-0EF696965A7F}.Debug|Any CPU.Build.0 = Debug|Any CPU
		{D6E284F9-C123-429F-8976-0EF696965A7F}.Release|Any CPU.ActiveCfg = Release|Any CPU
		{D6E284F9-C123-429F-8976-0EF696965A7F}.Release|Any CPU.Build.0 = Release|Any CPU
		{323800C0-F199-4DE6-96F2-C990C09576C8}.Debug|Any CPU.ActiveCfg = Debug|Any CPU
		{323800C0-F199-4DE6-96F2-C990C09576C8}.Debug|Any CPU.Build.0 = Debug|Any CPU
		{323800C0-F199-4DE6-96F2-C990C09576C8}.Release|Any CPU.ActiveCfg = Release|Any CPU
		{323800C0-F199-4DE6-96F2-C990C09576C8}.Release|Any CPU.Build.0 = Release|Any CPU
		{8C270EAC-8867-4ECC-9DA4-92B4124602C8}.Debug|Any CPU.ActiveCfg = Debug|Any CPU
		{8C270EAC-8867-4ECC-9DA4-92B4124602C8}.Debug|Any CPU.Build.0 = Debug|Any CPU
		{8C270EAC-8867-4ECC-9DA4-92B4124602C8}.Release|Any CPU.ActiveCfg = Release|Any CPU
		{8C270EAC-8867-4ECC-9DA4-92B4124602C8}.Release|Any CPU.Build.0 = Release|Any CPU
		{FFDF3AB1-30E1-4C4C-B4D5-FFFFFD32A9FB}.Debug|Any CPU.ActiveCfg = Debug|Any CPU
		{FFDF3AB1-30E1-4C4C-B4D5-FFFFFD32A9FB}.Debug|Any CPU.Build.0 = Debug|Any CPU
		{FFDF3AB1-30E1-4C4C-B4D5-FFFFFD32A9FB}.Release|Any CPU.ActiveCfg = Release|Any CPU
		{FFDF3AB1-30E1-4C4C-B4D5-FFFFFD32A9FB}.Release|Any CPU.Build.0 = Release|Any CPU
		{22F0F7E8-E076-4F2A-8B3D-4697C4122FB6}.Debug|Any CPU.ActiveCfg = Debug|Any CPU
		{22F0F7E8-E076-4F2A-8B3D-4697C4122FB6}.Debug|Any CPU.Build.0 = Debug|Any CPU
		{22F0F7E8-E076-4F2A-8B3D-4697C4122FB6}.Release|Any CPU.ActiveCfg = Release|Any CPU
		{22F0F7E8-E076-4F2A-8B3D-4697C4122FB6}.Release|Any CPU.Build.0 = Release|Any CPU
		{57261DF4-49B3-4BD7-BF8F-0128E3281ED3}.Debug|Any CPU.ActiveCfg = Debug|Any CPU
		{57261DF4-49B3-4BD7-BF8F-0128E3281ED3}.Debug|Any CPU.Build.0 = Debug|Any CPU
		{57261DF4-49B3-4BD7-BF8F-0128E3281ED3}.Release|Any CPU.ActiveCfg = Release|Any CPU
		{57261DF4-49B3-4BD7-BF8F-0128E3281ED3}.Release|Any CPU.Build.0 = Release|Any CPU
		{E453975C-5636-40D7-80D8-9F89166CC838}.Debug|Any CPU.ActiveCfg = Debug|Any CPU
		{E453975C-5636-40D7-80D8-9F89166CC838}.Debug|Any CPU.Build.0 = Debug|Any CPU
		{E453975C-5636-40D7-80D8-9F89166CC838}.Release|Any CPU.ActiveCfg = Release|Any CPU
		{E453975C-5636-40D7-80D8-9F89166CC838}.Release|Any CPU.Build.0 = Release|Any CPU
		{049EE07E-A37C-41DA-A4C3-BE7F1E003A05}.Debug|Any CPU.ActiveCfg = Debug|Any CPU
		{049EE07E-A37C-41DA-A4C3-BE7F1E003A05}.Debug|Any CPU.Build.0 = Debug|Any CPU
		{049EE07E-A37C-41DA-A4C3-BE7F1E003A05}.Release|Any CPU.ActiveCfg = Release|Any CPU
		{049EE07E-A37C-41DA-A4C3-BE7F1E003A05}.Release|Any CPU.Build.0 = Release|Any CPU
		{CC9570C3-55ED-4F63-BE69-D170D5C444EE}.Debug|Any CPU.ActiveCfg = Debug|Any CPU
		{CC9570C3-55ED-4F63-BE69-D170D5C444EE}.Debug|Any CPU.Build.0 = Debug|Any CPU
		{CC9570C3-55ED-4F63-BE69-D170D5C444EE}.Release|Any CPU.ActiveCfg = Release|Any CPU
		{CC9570C3-55ED-4F63-BE69-D170D5C444EE}.Release|Any CPU.Build.0 = Release|Any CPU
		{A3875195-7251-4838-920E-20ED51BAD469}.Debug|Any CPU.ActiveCfg = Debug|Any CPU
		{A3875195-7251-4838-920E-20ED51BAD469}.Debug|Any CPU.Build.0 = Debug|Any CPU
		{A3875195-7251-4838-920E-20ED51BAD469}.Release|Any CPU.ActiveCfg = Release|Any CPU
		{A3875195-7251-4838-920E-20ED51BAD469}.Release|Any CPU.Build.0 = Release|Any CPU
		{A06F2095-8102-4496-89B3-88E893A5B898}.Debug|Any CPU.ActiveCfg = Debug|Any CPU
		{A06F2095-8102-4496-89B3-88E893A5B898}.Debug|Any CPU.Build.0 = Debug|Any CPU
		{A06F2095-8102-4496-89B3-88E893A5B898}.Release|Any CPU.ActiveCfg = Release|Any CPU
		{A06F2095-8102-4496-89B3-88E893A5B898}.Release|Any CPU.Build.0 = Release|Any CPU
		{823EBC45-A83E-4D8E-BFA7-209B0843DE30}.Debug|Any CPU.ActiveCfg = Debug|Any CPU
		{823EBC45-A83E-4D8E-BFA7-209B0843DE30}.Debug|Any CPU.Build.0 = Debug|Any CPU
		{823EBC45-A83E-4D8E-BFA7-209B0843DE30}.Release|Any CPU.ActiveCfg = Release|Any CPU
		{823EBC45-A83E-4D8E-BFA7-209B0843DE30}.Release|Any CPU.Build.0 = Release|Any CPU
		{05CE69FF-F7E8-49E0-90CD-5CEB172855C9}.Debug|Any CPU.ActiveCfg = Debug|Any CPU
		{05CE69FF-F7E8-49E0-90CD-5CEB172855C9}.Debug|Any CPU.Build.0 = Debug|Any CPU
		{05CE69FF-F7E8-49E0-90CD-5CEB172855C9}.Release|Any CPU.ActiveCfg = Release|Any CPU
		{05CE69FF-F7E8-49E0-90CD-5CEB172855C9}.Release|Any CPU.Build.0 = Release|Any CPU
		{C3FA6EA1-F190-444E-8CC9-8687E7F2A33A}.Debug|Any CPU.ActiveCfg = Debug|Any CPU
		{C3FA6EA1-F190-444E-8CC9-8687E7F2A33A}.Debug|Any CPU.Build.0 = Debug|Any CPU
		{C3FA6EA1-F190-444E-8CC9-8687E7F2A33A}.Release|Any CPU.ActiveCfg = Release|Any CPU
		{C3FA6EA1-F190-444E-8CC9-8687E7F2A33A}.Release|Any CPU.Build.0 = Release|Any CPU
		{706D31FF-38C1-4754-AFFA-15617C163FFB}.Debug|Any CPU.ActiveCfg = Debug|Any CPU
		{706D31FF-38C1-4754-AFFA-15617C163FFB}.Debug|Any CPU.Build.0 = Debug|Any CPU
		{706D31FF-38C1-4754-AFFA-15617C163FFB}.Release|Any CPU.ActiveCfg = Release|Any CPU
		{706D31FF-38C1-4754-AFFA-15617C163FFB}.Release|Any CPU.Build.0 = Release|Any CPU
		{360ACD8C-9D45-4008-9A2F-F34A306EB597}.Debug|Any CPU.ActiveCfg = Debug|Any CPU
		{360ACD8C-9D45-4008-9A2F-F34A306EB597}.Debug|Any CPU.Build.0 = Debug|Any CPU
		{360ACD8C-9D45-4008-9A2F-F34A306EB597}.Release|Any CPU.ActiveCfg = Release|Any CPU
		{360ACD8C-9D45-4008-9A2F-F34A306EB597}.Release|Any CPU.Build.0 = Release|Any CPU
		{345D70FE-F420-4F10-80EF-2FA6E5A8F3A6}.Debug|Any CPU.ActiveCfg = Debug|Any CPU
		{345D70FE-F420-4F10-80EF-2FA6E5A8F3A6}.Debug|Any CPU.Build.0 = Debug|Any CPU
		{345D70FE-F420-4F10-80EF-2FA6E5A8F3A6}.Release|Any CPU.ActiveCfg = Release|Any CPU
		{345D70FE-F420-4F10-80EF-2FA6E5A8F3A6}.Release|Any CPU.Build.0 = Release|Any CPU
		{BF8E187A-0E69-4927-A27F-D2898A448F0D}.Debug|Any CPU.ActiveCfg = Debug|Any CPU
		{BF8E187A-0E69-4927-A27F-D2898A448F0D}.Debug|Any CPU.Build.0 = Debug|Any CPU
		{BF8E187A-0E69-4927-A27F-D2898A448F0D}.Release|Any CPU.ActiveCfg = Release|Any CPU
		{BF8E187A-0E69-4927-A27F-D2898A448F0D}.Release|Any CPU.Build.0 = Release|Any CPU
		{E26D5A9E-5A5A-4CD0-AF0B-204EF7B6C377}.Debug|Any CPU.ActiveCfg = Debug|Any CPU
		{E26D5A9E-5A5A-4CD0-AF0B-204EF7B6C377}.Debug|Any CPU.Build.0 = Debug|Any CPU
		{E26D5A9E-5A5A-4CD0-AF0B-204EF7B6C377}.Release|Any CPU.ActiveCfg = Release|Any CPU
		{E26D5A9E-5A5A-4CD0-AF0B-204EF7B6C377}.Release|Any CPU.Build.0 = Release|Any CPU
	EndGlobalSection
	GlobalSection(SolutionProperties) = preSolution
		HideSolutionNode = FALSE
	EndGlobalSection
	GlobalSection(NestedProjects) = preSolution
		{83428113-E2D6-4A9A-8B43-25216BC709D4} = {A5420154-D02E-48A0-AF6D-0F2D666E41BD}
		{1062F892-E563-4095-86A1-C8294104DA8A} = {A5420154-D02E-48A0-AF6D-0F2D666E41BD}
		{A70E52B2-4381-4821-97D8-656314141750} = {A5420154-D02E-48A0-AF6D-0F2D666E41BD}
		{A8C52687-2839-4371-BC0F-A2A86B471349} = {A5420154-D02E-48A0-AF6D-0F2D666E41BD}
		{653C02C6-6F40-4E0C-B277-F0B79155D0C9} = {A5420154-D02E-48A0-AF6D-0F2D666E41BD}
		{8CFC7801-69D5-4FB0-9FE9-9C81DBC3F206} = {A5420154-D02E-48A0-AF6D-0F2D666E41BD}
		{DE065ECC-74AD-474D-9D35-AB7FF589F9FB} = {A5420154-D02E-48A0-AF6D-0F2D666E41BD}
		{3C780C05-F419-4866-AF93-DCB336E57753} = {A5420154-D02E-48A0-AF6D-0F2D666E41BD}
		{D818EB45-62A5-4DFD-9746-563EB8134D9C} = {A5420154-D02E-48A0-AF6D-0F2D666E41BD}
		{9E040FA2-A525-42BF-A585-5C2E5F7BCA2F} = {FE7C9DA0-2CB4-499D-A0AB-38C527D56FA9}
		{AD54E76E-1490-4928-B79A-70B094C4BBF1} = {FE7C9DA0-2CB4-499D-A0AB-38C527D56FA9}
		{2BCC6498-8363-441A-ADE4-41F3BA4C53E7} = {FE7C9DA0-2CB4-499D-A0AB-38C527D56FA9}
		{00F91B1D-7542-438F-87C6-2DCD432518CB} = {FE7C9DA0-2CB4-499D-A0AB-38C527D56FA9}
		{A0B46EBA-B5AF-40FC-B1A3-89458269BCDE} = {FE7C9DA0-2CB4-499D-A0AB-38C527D56FA9}
		{BF53CD72-3339-47B4-BB76-1BAA09D1BD4D} = {FE7C9DA0-2CB4-499D-A0AB-38C527D56FA9}
		{6EA25E65-3D1D-47CC-AF2E-06B1D0C6552C} = {FE7C9DA0-2CB4-499D-A0AB-38C527D56FA9}
		{35114576-D6EB-4E0A-8720-912F4F174024} = {FE7C9DA0-2CB4-499D-A0AB-38C527D56FA9}
		{A4D18954-8469-407C-AA41-4C8F73AEFE77} = {FE7C9DA0-2CB4-499D-A0AB-38C527D56FA9}
		{116D2799-A174-4C10-9F3A-7A0E32DCF35D} = {B954B7A0-E280-4997-84E4-71FA7172E4D8}
		{3B373B6A-646E-4B2D-A62F-6B51BB5E2273} = {B954B7A0-E280-4997-84E4-71FA7172E4D8}
		{3AA1B577-8670-4CA6-A707-6E16C1EA416A} = {B954B7A0-E280-4997-84E4-71FA7172E4D8}
		{CCC20E92-BFBF-427A-B311-1739247820AF} = {B954B7A0-E280-4997-84E4-71FA7172E4D8}
		{73E02076-A846-4C0B-8542-A98635117B32} = {B954B7A0-E280-4997-84E4-71FA7172E4D8}
		{3467D77A-C8EE-4236-B475-7A7DE97C697B} = {B954B7A0-E280-4997-84E4-71FA7172E4D8}
		{857085E9-E6EB-4556-B914-848BBD6E6078} = {B954B7A0-E280-4997-84E4-71FA7172E4D8}
		{260A88DE-83EE-4F73-A11C-BDB094F6B5C2} = {84BE41AA-FB3D-4013-892D-BE941560167A}
		{D3CCF999-FE4B-4662-A2E9-5E071B7EE864} = {84BE41AA-FB3D-4013-892D-BE941560167A}
		{6C1E5AC4-16E6-4FC4-88E4-EB9386E59CA5} = {84BE41AA-FB3D-4013-892D-BE941560167A}
		{ED99ECD9-21D1-4F6F-A1E6-A8F285F506D6} = {84BE41AA-FB3D-4013-892D-BE941560167A}
		{9C30CA49-D588-4C16-9FD6-C8EDF5D34903} = {84BE41AA-FB3D-4013-892D-BE941560167A}
		{D09D3206-3800-4E2B-A564-1D4B57B9AD16} = {84BE41AA-FB3D-4013-892D-BE941560167A}
		{25BD5196-CD70-43AF-81A7-B2C69205B9C2} = {84BE41AA-FB3D-4013-892D-BE941560167A}
		{82F43862-594F-4742-9230-CE9546F5EC9E} = {84BE41AA-FB3D-4013-892D-BE941560167A}
		{252DB8C5-7B0F-4E42-9251-44F22444E7B1} = {D5BF3D42-3AF5-4057-BAB2-F2D7FCB16C3D}
		{F65F2671-3501-4280-8C2A-586430A9E52B} = {D5BF3D42-3AF5-4057-BAB2-F2D7FCB16C3D}
		{8F26E161-D42C-4967-92F2-1ACF695931FC} = {D5BF3D42-3AF5-4057-BAB2-F2D7FCB16C3D}
		{6942FECD-0278-4592-8361-A4D9F0E6CE83} = {D5BF3D42-3AF5-4057-BAB2-F2D7FCB16C3D}
		{38C197EF-703E-4821-9CD5-2B87E944D3CB} = {D5BF3D42-3AF5-4057-BAB2-F2D7FCB16C3D}
		{0C94C3A6-FB31-4E1A-8247-49DF4EEEF7E5} = {D5BF3D42-3AF5-4057-BAB2-F2D7FCB16C3D}
		{C27C0546-309F-4BB9-BF97-D92D25AEF737} = {D5BF3D42-3AF5-4057-BAB2-F2D7FCB16C3D}
		{E4B003CA-21B7-4971-BD71-C2590F1C10BE} = {D5BF3D42-3AF5-4057-BAB2-F2D7FCB16C3D}
		{636ACC89-2BBC-47BC-BC5E-C0493AF4437F} = {D5BF3D42-3AF5-4057-BAB2-F2D7FCB16C3D}
		{3C98538E-4D91-4DA7-9CB8-DABEDA727417} = {D5BF3D42-3AF5-4057-BAB2-F2D7FCB16C3D}
		{FFFE460C-86A5-4F31-8EF5-D7ADC1582FAB} = {D5BF3D42-3AF5-4057-BAB2-F2D7FCB16C3D}
		{561A40DA-B07D-4F7E-966B-0C9478F48B56} = {D5BF3D42-3AF5-4057-BAB2-F2D7FCB16C3D}
		{600B1D9B-E1C4-4677-A439-49AF72D71324} = {1387A667-F872-445E-ADAB-E52CBCD860D6}
		{3F6F88EE-9734-4A5F-B3A0-36827D5351AD} = {1387A667-F872-445E-ADAB-E52CBCD860D6}
		{F376EF65-B303-47D8-8823-B6E7C52B4293} = {1387A667-F872-445E-ADAB-E52CBCD860D6}
		{267C409B-3F86-4A5C-A826-ACCEAD07C101} = {1387A667-F872-445E-ADAB-E52CBCD860D6}
		{DC089492-5344-4F6D-9152-4AA2017F4F2B} = {1387A667-F872-445E-ADAB-E52CBCD860D6}
		{99C849D5-44EB-4C7D-8EA8-3EC9F5A3750F} = {1387A667-F872-445E-ADAB-E52CBCD860D6}
		{314EDE91-BAAC-46C2-9AB9-95FF0412ED78} = {1387A667-F872-445E-ADAB-E52CBCD860D6}
		{45A3D574-A383-4F48-9392-FCE92C462D58} = {1387A667-F872-445E-ADAB-E52CBCD860D6}
		{CF6B40BD-215E-4D21-95B5-396759C2BD5E} = {1387A667-F872-445E-ADAB-E52CBCD860D6}
		{963D0C99-0852-4225-A9C0-22499A133593} = {EFBA4C03-F8D9-4109-AED3-32B11C5B6E80}
		{9884CBFB-35F5-4B24-9741-D60C39CFFD56} = {EFBA4C03-F8D9-4109-AED3-32B11C5B6E80}
		{9066178E-A7F3-4152-9110-43F4F9C13C31} = {EFBA4C03-F8D9-4109-AED3-32B11C5B6E80}
		{CB13F770-F9A7-4A42-9DFC-2C17D5DD23F4} = {EFBA4C03-F8D9-4109-AED3-32B11C5B6E80}
		{DD6D4EA1-6FA1-48D9-8906-C6A8AC86CD97} = {EFBA4C03-F8D9-4109-AED3-32B11C5B6E80}
		{3D917825-5A9A-47A4-A761-38983473A748} = {EFBA4C03-F8D9-4109-AED3-32B11C5B6E80}
		{7DA41487-B15D-45F5-A89A-C4AAC51A2939} = {EFBA4C03-F8D9-4109-AED3-32B11C5B6E80}
		{B67FC047-FCB1-41AA-8029-26C3391D9118} = {EFBA4C03-F8D9-4109-AED3-32B11C5B6E80}
		{549821A5-E557-47C3-AD64-3552E7124749} = {EFBA4C03-F8D9-4109-AED3-32B11C5B6E80}
		{7B5DC423-76E7-4F05-9C49-3E184D4E3C19} = {EFBA4C03-F8D9-4109-AED3-32B11C5B6E80}
		{2A7BCA29-6A5C-4874-AD06-0A614D70632A} = {F84D27CE-314E-40A6-B7BB-054215518354}
		{3B889F9C-3C13-4C23-95FA-86959130AB00} = {F84D27CE-314E-40A6-B7BB-054215518354}
		{D8E2EBE5-39B5-4519-A34B-459728088FE0} = {F84D27CE-314E-40A6-B7BB-054215518354}
		{5F9E56D3-41A7-40AF-8DE0-440F855DB322} = {F84D27CE-314E-40A6-B7BB-054215518354}
		{3BCBA213-F7DD-47C0-B822-7B4E246C03C1} = {F84D27CE-314E-40A6-B7BB-054215518354}
		{940614B8-2B54-4993-8AB5-2DA642786FF2} = {F84D27CE-314E-40A6-B7BB-054215518354}
		{A1A1BC5B-42E3-49A2-A3FA-78CEC3AA9C73} = {F84D27CE-314E-40A6-B7BB-054215518354}
		{2D8C550A-1CCE-4D9C-9521-65287858DE28} = {F84D27CE-314E-40A6-B7BB-054215518354}
		{4FF9272F-4223-4E19-8BBF-313BE49EFF83} = {A44838EC-7FC3-4ACF-91F7-88D75528E234}
		{5C669DE5-9615-4FE0-99F3-A50D856C9BF8} = {A44838EC-7FC3-4ACF-91F7-88D75528E234}
		{ADDA1D85-E3E7-4FCA-BCEE-3A4D11A19CE2} = {A44838EC-7FC3-4ACF-91F7-88D75528E234}
		{76973B79-40C0-4206-87F5-BAD88AA5DDE8} = {A44838EC-7FC3-4ACF-91F7-88D75528E234}
		{A0B75069-948C-4EC6-94A2-0C036E126764} = {A44838EC-7FC3-4ACF-91F7-88D75528E234}
		{B9429D65-B447-4A24-A6CB-4FAD8E8D3936} = {A44838EC-7FC3-4ACF-91F7-88D75528E234}
		{7596C618-1B0A-4E1E-B8A0-8A2B9A2693C6} = {A44838EC-7FC3-4ACF-91F7-88D75528E234}
		{A7477517-AF99-48FF-8792-52A3BF0F6A44} = {A44838EC-7FC3-4ACF-91F7-88D75528E234}
		{7938B8B4-BB8B-486C-9C73-863AE81CCFB8} = {53A0D8A2-CAF4-40D2-9BE2-BE1D760F6902}
		{3A036577-2F34-4908-89DA-D6F947AF057E} = {53A0D8A2-CAF4-40D2-9BE2-BE1D760F6902}
		{CF91BF61-70B0-48BB-9886-3442EC28E048} = {53A0D8A2-CAF4-40D2-9BE2-BE1D760F6902}
		{8898FB99-76CC-40D7-8142-50DADB200A56} = {53A0D8A2-CAF4-40D2-9BE2-BE1D760F6902}
		{D833036B-BE69-47BE-AFA3-DB2CACF9F8BE} = {53A0D8A2-CAF4-40D2-9BE2-BE1D760F6902}
		{66F2F04B-9BCB-460B-AC39-238BB3E2A583} = {53A0D8A2-CAF4-40D2-9BE2-BE1D760F6902}
		{293E9380-CC99-4B94-B156-5D6746F21038} = {53A0D8A2-CAF4-40D2-9BE2-BE1D760F6902}
		{2BD4F40B-F7FD-4FDF-AEEB-B4444749FD28} = {6B26A668-4F16-47B4-BFE2-5A2644563F52}
		{B53C1F64-7529-4139-A3BF-8D8CE559F506} = {6B26A668-4F16-47B4-BFE2-5A2644563F52}
		{22D3CF4F-BA01-415C-83FF-67637EBCEBBC} = {6B26A668-4F16-47B4-BFE2-5A2644563F52}
		{45F4AF50-B403-4882-9DCE-83C21F9E0781} = {6B26A668-4F16-47B4-BFE2-5A2644563F52}
		{2165EA12-2135-4D7B-9387-A986388018B0} = {6B26A668-4F16-47B4-BFE2-5A2644563F52}
		{9B4A5EF3-4CF4-419D-9BA1-7BF8B85B34B1} = {6B26A668-4F16-47B4-BFE2-5A2644563F52}
		{9A0CF1BE-64E8-4A9A-ABB6-EC5E5A454A5B} = {8B2392BC-5CF9-4661-8978-F962D3B7D51F}
		{E3768FD2-D6EF-4C33-B72B-504C444E5E7E} = {8B2392BC-5CF9-4661-8978-F962D3B7D51F}
		{27E23827-CA2E-4B5F-AAF4-3B7631091ED1} = {8B2392BC-5CF9-4661-8978-F962D3B7D51F}
		{29FF089B-0802-46C8-B3D8-95C10E7118A6} = {8B2392BC-5CF9-4661-8978-F962D3B7D51F}
		{5A5EFFAD-3516-4C16-8694-8CA09B9B452E} = {8B2392BC-5CF9-4661-8978-F962D3B7D51F}
		{61D01D84-49A1-4337-AFB6-DCC3F3D9935B} = {8B2392BC-5CF9-4661-8978-F962D3B7D51F}
		{A603B929-269C-4992-A5E0-E6DD2012E1EF} = {62F97A87-701F-4C15-B1A8-A720B5EACF01}
		{F12DFDA3-18CC-41F9-92FD-07832E67A54F} = {62F97A87-701F-4C15-B1A8-A720B5EACF01}
		{A9DF8FFE-9ED1-4EB6-89CA-5583E0CFB931} = {62F97A87-701F-4C15-B1A8-A720B5EACF01}
		{214CCA72-54E4-4399-AD18-598EC454E23F} = {62F97A87-701F-4C15-B1A8-A720B5EACF01}
		{59C7C0F4-3890-4EB9-85BB-526D9B1B6046} = {62F97A87-701F-4C15-B1A8-A720B5EACF01}
		{0AE4CFF9-E55E-4DCF-8606-03F5D46647C0} = {4AF25E99-1A0B-471B-B50B-44019D30A31A}
		{A7F4F8A6-B650-48CD-B838-6F69300E6C2E} = {4AF25E99-1A0B-471B-B50B-44019D30A31A}
		{9CC206F1-064E-49A9-99BD-97EAEE42A2A5} = {4AF25E99-1A0B-471B-B50B-44019D30A31A}
		{F7974F37-17D4-409D-B4E2-8ED995AA6D94} = {4AF25E99-1A0B-471B-B50B-44019D30A31A}
		{77948BA0-F649-4692-892F-C5767C6D72E3} = {4AF25E99-1A0B-471B-B50B-44019D30A31A}
		{5FB6483A-DED2-47D3-B3C4-132DCF517261} = {575A087B-D337-4F8D-BADF-49F815304D6B}
		{FA26A6ED-A260-44AD-9A66-1A534BFCBBC7} = {575A087B-D337-4F8D-BADF-49F815304D6B}
		{DEE3118F-6054-40F2-B48A-965F2AFDAD4F} = {575A087B-D337-4F8D-BADF-49F815304D6B}
		{97E8008A-750C-453D-8781-3A1D3BAD39BB} = {575A087B-D337-4F8D-BADF-49F815304D6B}
		{AB2F2A86-EAD6-47B3-A2C0-1F0F6DEECED4} = {575A087B-D337-4F8D-BADF-49F815304D6B}
		{43C594BC-1FE1-4227-86B2-A49EEEA468BF} = {E84995ED-3FE0-4891-96F1-2CECD8AB6D4A}
		{9F73DBCA-1C1E-4DDE-BAE6-B04562748611} = {E84995ED-3FE0-4891-96F1-2CECD8AB6D4A}
		{958F9322-BD67-48F4-8AD8-629CA7AFEAA3} = {E84995ED-3FE0-4891-96F1-2CECD8AB6D4A}
		{5F66A07C-FD3A-4C6D-8B18-4E438B8CDA45} = {E84995ED-3FE0-4891-96F1-2CECD8AB6D4A}
		{80396E93-4152-4FF8-A245-0D0CC6894BA9} = {E84995ED-3FE0-4891-96F1-2CECD8AB6D4A}
		{D45B3455-6776-4C58-9123-B14230A42EC5} = {E84995ED-3FE0-4891-96F1-2CECD8AB6D4A}
		{93DD1E00-BF92-462C-9FE9-AD55640EB4A5} = {DAE9D4E7-EF1B-4FDD-992C-E31FBEDE8CA8}
		{0D9CC307-90DE-4C1A-AF5C-782B072FB33C} = {DAE9D4E7-EF1B-4FDD-992C-E31FBEDE8CA8}
		{0C7EF242-7B0D-4010-96F9-00253FE51A4D} = {DAE9D4E7-EF1B-4FDD-992C-E31FBEDE8CA8}
		{D6E3DF5F-E623-41CD-866E-E0179D2D0401} = {DAE9D4E7-EF1B-4FDD-992C-E31FBEDE8CA8}
		{7BCAD616-B826-41B3-948E-0F819A6D4B19} = {DAE9D4E7-EF1B-4FDD-992C-E31FBEDE8CA8}
		{0B5ABC30-1DA7-4AB3-9700-195478C9D649} = {9D4574E6-9031-42CF-B92E-57842C2D8019}
		{3805D91D-E5F2-4B25-8A5D-A2166E1174B0} = {9D4574E6-9031-42CF-B92E-57842C2D8019}
		{5852E3D0-CBA1-4BF3-B9A7-DBEE572FC8AD} = {9D4574E6-9031-42CF-B92E-57842C2D8019}
		{D2B23F72-2475-4069-874E-70DD50BBF4B6} = {9D4574E6-9031-42CF-B92E-57842C2D8019}
		{FFE95646-B29D-48C0-A6D9-4A48A069CA2C} = {9D4574E6-9031-42CF-B92E-57842C2D8019}
		{D974C5F6-2A1D-49AF-B2B1-49C907B298D9} = {510B88D1-69E0-4831-9B4D-45388F9D6144}
		{17376350-44F3-48BC-8D6D-064A5308F6D9} = {510B88D1-69E0-4831-9B4D-45388F9D6144}
		{19C8D2A2-4DB5-4224-A512-0996C1E314F5} = {510B88D1-69E0-4831-9B4D-45388F9D6144}
		{781C5FB1-CFB6-46F9-8C71-AEE2DC6DCC4C} = {510B88D1-69E0-4831-9B4D-45388F9D6144}
		{7DC89198-F6B3-4F26-BEC8-A9DDBABEECE3} = {510B88D1-69E0-4831-9B4D-45388F9D6144}
		{BCCD68FD-F272-4CA8-B672-BE0B401C7139} = {510B88D1-69E0-4831-9B4D-45388F9D6144}
		{5A8D87F1-0712-499D-AE33-910C86988318} = {510B88D1-69E0-4831-9B4D-45388F9D6144}
		{FDCE46F1-505C-4BE0-A306-381212098C6B} = {510B88D1-69E0-4831-9B4D-45388F9D6144}
		{B417EBD0-A597-4C1A-A12C-B7C657F70A16} = {510B88D1-69E0-4831-9B4D-45388F9D6144}
		{2C4DDCB5-E2BA-438A-AEE3-0E76A1B5DF05} = {510B88D1-69E0-4831-9B4D-45388F9D6144}
		{80D5D65D-608F-4CF3-9BC9-05816D54E202} = {510B88D1-69E0-4831-9B4D-45388F9D6144}
		{A3245CE2-1AB9-4CFD-A81B-BEA226280810} = {510B88D1-69E0-4831-9B4D-45388F9D6144}
		{D6B854B8-6F46-416E-9E6D-5AC695D0214A} = {531C21B8-A518-472E-BC4F-5CF9E14A3ADC}
		{A90260B4-4A2C-49AB-AF87-7A111FA6FF60} = {531C21B8-A518-472E-BC4F-5CF9E14A3ADC}
		{D6E284F9-C123-429F-8976-0EF696965A7F} = {531C21B8-A518-472E-BC4F-5CF9E14A3ADC}
		{323800C0-F199-4DE6-96F2-C990C09576C8} = {531C21B8-A518-472E-BC4F-5CF9E14A3ADC}
		{8C270EAC-8867-4ECC-9DA4-92B4124602C8} = {531C21B8-A518-472E-BC4F-5CF9E14A3ADC}
		{FFDF3AB1-30E1-4C4C-B4D5-FFFFFD32A9FB} = {531C21B8-A518-472E-BC4F-5CF9E14A3ADC}
		{22F0F7E8-E076-4F2A-8B3D-4697C4122FB6} = {4148C7CF-32CA-4431-868E-35C4F2203FB0}
		{57261DF4-49B3-4BD7-BF8F-0128E3281ED3} = {4148C7CF-32CA-4431-868E-35C4F2203FB0}
		{E453975C-5636-40D7-80D8-9F89166CC838} = {4148C7CF-32CA-4431-868E-35C4F2203FB0}
		{049EE07E-A37C-41DA-A4C3-BE7F1E003A05} = {4148C7CF-32CA-4431-868E-35C4F2203FB0}
		{CC9570C3-55ED-4F63-BE69-D170D5C444EE} = {4148C7CF-32CA-4431-868E-35C4F2203FB0}
		{A3875195-7251-4838-920E-20ED51BAD469} = {4148C7CF-32CA-4431-868E-35C4F2203FB0}
		{A06F2095-8102-4496-89B3-88E893A5B898} = {4148C7CF-32CA-4431-868E-35C4F2203FB0}
		{823EBC45-A83E-4D8E-BFA7-209B0843DE30} = {4148C7CF-32CA-4431-868E-35C4F2203FB0}
		{05CE69FF-F7E8-49E0-90CD-5CEB172855C9} = {4148C7CF-32CA-4431-868E-35C4F2203FB0}
		{C3FA6EA1-F190-444E-8CC9-8687E7F2A33A} = {4148C7CF-32CA-4431-868E-35C4F2203FB0}
		{706D31FF-38C1-4754-AFFA-15617C163FFB} = {4148C7CF-32CA-4431-868E-35C4F2203FB0}
		{360ACD8C-9D45-4008-9A2F-F34A306EB597} = {4148C7CF-32CA-4431-868E-35C4F2203FB0}
		{345D70FE-F420-4F10-80EF-2FA6E5A8F3A6} = {4148C7CF-32CA-4431-868E-35C4F2203FB0}
		{BF8E187A-0E69-4927-A27F-D2898A448F0D} = {4148C7CF-32CA-4431-868E-35C4F2203FB0}
		{E26D5A9E-5A5A-4CD0-AF0B-204EF7B6C377} = {4148C7CF-32CA-4431-868E-35C4F2203FB0}
	EndGlobalSection
	GlobalSection(ExtensibilityGlobals) = postSolution
		SolutionGuid = {30125864-66DF-4220-ABE9-F16E7EE40AA8}
	EndGlobalSection
EndGlobal
